// !$*UTF8*$!
{
	archiveVersion = 1;
	classes = {
	};
	objectVersion = 46;
	objects = {

/* Begin PBXBuildFile section */
		170EAE8A14EA82F000267631 /* UIKit.framework in Frameworks */ = {isa = PBXBuildFile; fileRef = 170EAE8914EA82F000267631 /* UIKit.framework */; };
		170EAE8C14EA82F000267631 /* Foundation.framework in Frameworks */ = {isa = PBXBuildFile; fileRef = 170EAE8B14EA82F000267631 /* Foundation.framework */; };
		170EAE8E14EA82F000267631 /* CoreGraphics.framework in Frameworks */ = {isa = PBXBuildFile; fileRef = 170EAE8D14EA82F000267631 /* CoreGraphics.framework */; };
		170EAE9014EA82F000267631 /* CoreData.framework in Frameworks */ = {isa = PBXBuildFile; fileRef = 170EAE8F14EA82F000267631 /* CoreData.framework */; };
		170EAE9614EA82F000267631 /* InfoPlist.strings in Resources */ = {isa = PBXBuildFile; fileRef = 170EAE9414EA82F000267631 /* InfoPlist.strings */; };
		170EAE9814EA82F000267631 /* main.m in Sources */ = {isa = PBXBuildFile; fileRef = 170EAE9714EA82F000267631 /* main.m */; };
		170EAE9C14EA82F000267631 /* AppDelegate.m in Sources */ = {isa = PBXBuildFile; fileRef = 170EAE9B14EA82F000267631 /* AppDelegate.m */; };
		173BA10114EABBC3008BE51F /* Author.m in Sources */ = {isa = PBXBuildFile; fileRef = 173BA10014EABBC3008BE51F /* Author.m */; };
		173BA10414EABBC4008BE51F /* Book.m in Sources */ = {isa = PBXBuildFile; fileRef = 173BA10314EABBC4008BE51F /* Book.m */; };
		173BA10714EABBC4008BE51F /* Review.m in Sources */ = {isa = PBXBuildFile; fileRef = 173BA10614EABBC4008BE51F /* Review.m */; };
		173BA10A14EABBC4008BE51F /* Publisher.m in Sources */ = {isa = PBXBuildFile; fileRef = 173BA10914EABBC4008BE51F /* Publisher.m */; };
		173BA11314EABC06008BE51F /* iOSProgrammingTask.xcdatamodeld in Sources */ = {isa = PBXBuildFile; fileRef = 173BA10C14EABC06008BE51F /* iOSProgrammingTask.xcdatamodeld */; };
		173BA11414EABC06008BE51F /* Author.json in Resources */ = {isa = PBXBuildFile; fileRef = 173BA10F14EABC06008BE51F /* Author.json */; };
		173BA11514EABC06008BE51F /* Books.json in Resources */ = {isa = PBXBuildFile; fileRef = 173BA11014EABC06008BE51F /* Books.json */; };
		173BA11614EABC06008BE51F /* Publishers.json in Resources */ = {isa = PBXBuildFile; fileRef = 173BA11114EABC06008BE51F /* Publishers.json */; };
		173BA11A14EABD0B008BE51F /* BookViewController.m in Sources */ = {isa = PBXBuildFile; fileRef = 173BA11814EABD0B008BE51F /* BookViewController.m */; };
		173BA11F14EABD36008BE51F /* AuthorViewController.m in Sources */ = {isa = PBXBuildFile; fileRef = 173BA11D14EABD36008BE51F /* AuthorViewController.m */; };
		173BA12414EABD5A008BE51F /* PublisherViewController.m in Sources */ = {isa = PBXBuildFile; fileRef = 173BA12214EABD5A008BE51F /* PublisherViewController.m */; };
		173BA12914EABD7C008BE51F /* ReviewViewController.m in Sources */ = {isa = PBXBuildFile; fileRef = 173BA12714EABD7C008BE51F /* ReviewViewController.m */; };
		173BA12F14EABD97008BE51F /* AuthorView.xib in Resources */ = {isa = PBXBuildFile; fileRef = 173BA12B14EABD97008BE51F /* AuthorView.xib */; };
		173BA13014EABD97008BE51F /* BookView.xib in Resources */ = {isa = PBXBuildFile; fileRef = 173BA12C14EABD97008BE51F /* BookView.xib */; };
		173BA13114EABD97008BE51F /* PublisherView.xib in Resources */ = {isa = PBXBuildFile; fileRef = 173BA12D14EABD97008BE51F /* PublisherView.xib */; };
		173BA13214EABD97008BE51F /* ReviewView.xib in Resources */ = {isa = PBXBuildFile; fileRef = 173BA12E14EABD97008BE51F /* ReviewView.xib */; };
		173BA13B14EABF70008BE51F /* BookTableCellViewController.m in Sources */ = {isa = PBXBuildFile; fileRef = 173BA13914EABF70008BE51F /* BookTableCellViewController.m */; };
		173BA13E14EABF91008BE51F /* BookTableCellView.xib in Resources */ = {isa = PBXBuildFile; fileRef = 173BA13D14EABF91008BE51F /* BookTableCellView.xib */; };
		173BA15414EAC149008BE51F /* AddBookViewController.m in Sources */ = {isa = PBXBuildFile; fileRef = 173BA15214EAC149008BE51F /* AddBookViewController.m */; };
		173BA15914EAC16B008BE51F /* EditBookViewController.m in Sources */ = {isa = PBXBuildFile; fileRef = 173BA15714EAC16B008BE51F /* EditBookViewController.m */; };
		173BA15C14EAC185008BE51F /* AddBookView.xib in Resources */ = {isa = PBXBuildFile; fileRef = 173BA15B14EAC185008BE51F /* AddBookView.xib */; };
		173BA15E14EAC190008BE51F /* EditBookView.xib in Resources */ = {isa = PBXBuildFile; fileRef = 173BA15D14EAC190008BE51F /* EditBookView.xib */; };
		173BA16914EACB78008BE51F /* MagicalRecordHelpers.m in Sources */ = {isa = PBXBuildFile; fileRef = 170EAECD14EA89A100267631 /* MagicalRecordHelpers.m */; };
		173BA16A14EACBAF008BE51F /* MRCoreDataAction.m in Sources */ = {isa = PBXBuildFile; fileRef = 170EAED014EA89A100267631 /* MRCoreDataAction.m */; };
		173BA16B14EACBF9008BE51F /* NSPersistentStoreCoordinator+MagicalRecord.m in Sources */ = {isa = PBXBuildFile; fileRef = 170EAECA14EA89A100267631 /* NSPersistentStoreCoordinator+MagicalRecord.m */; };
		173BA16C14EACC0F008BE51F /* NSPersistentStore+MagicalRecord.m in Sources */ = {isa = PBXBuildFile; fileRef = 170EAEC814EA89A100267631 /* NSPersistentStore+MagicalRecord.m */; };
		173BA16D14EACC13008BE51F /* NSManagedObjectModel+MagicalRecord.m in Sources */ = {isa = PBXBuildFile; fileRef = 170EAEC614EA89A100267631 /* NSManagedObjectModel+MagicalRecord.m */; };
		173BA16E14EACC16008BE51F /* NSManagedObjectContext+MagicalRecord.m in Sources */ = {isa = PBXBuildFile; fileRef = 170EAEC414EA89A100267631 /* NSManagedObjectContext+MagicalRecord.m */; };
		173BA16F14EACC19008BE51F /* NSManagedObject+MagicalRecord.m in Sources */ = {isa = PBXBuildFile; fileRef = 170EAEC214EA89A100267631 /* NSManagedObject+MagicalRecord.m */; };
		173BA17014EACC1C008BE51F /* NSManagedObject+MagicalDataImport.m in Sources */ = {isa = PBXBuildFile; fileRef = 170EAEC014EA89A100267631 /* NSManagedObject+MagicalDataImport.m */; };
		173BA17114EACC30008BE51F /* NSString+MagicalDataImport.m in Sources */ = {isa = PBXBuildFile; fileRef = 170EAEBE14EA89A100267631 /* NSString+MagicalDataImport.m */; };
		173BA17214EACC33008BE51F /* NSRelationshipDescription+MagicalDataImport.m in Sources */ = {isa = PBXBuildFile; fileRef = 170EAEBC14EA89A100267631 /* NSRelationshipDescription+MagicalDataImport.m */; };
		173BA17314EACC36008BE51F /* NSObject+MagicalDataImport.m in Sources */ = {isa = PBXBuildFile; fileRef = 170EAEBA14EA89A100267631 /* NSObject+MagicalDataImport.m */; };
		173BA17414EACC39008BE51F /* NSNumber+MagicalDataImport.m in Sources */ = {isa = PBXBuildFile; fileRef = 170EAEB814EA89A100267631 /* NSNumber+MagicalDataImport.m */; };
		173BA17514EACC3C008BE51F /* NSEntityDescription+MagicalDataImport.m in Sources */ = {isa = PBXBuildFile; fileRef = 170EAEB614EA89A100267631 /* NSEntityDescription+MagicalDataImport.m */; };
		173BA17614EACC3E008BE51F /* NSAttributeDescription+MagicalDataImport.m in Sources */ = {isa = PBXBuildFile; fileRef = 170EAEB414EA89A100267631 /* NSAttributeDescription+MagicalDataImport.m */; };
		173BA17714EACC5A008BE51F /* JSONKit.m in Sources */ = {isa = PBXBuildFile; fileRef = 170EAED314EA89B600267631 /* JSONKit.m */; };
		173F92C114EBBA7F00C6EF49 /* MainWindow.xib in Resources */ = {isa = PBXBuildFile; fileRef = 173F92C014EBBA7F00C6EF49 /* MainWindow.xib */; };
/* End PBXBuildFile section */

/* Begin PBXFileReference section */
		170EAE8514EA82F000267631 /* iOSProgrammingTask.app */ = {isa = PBXFileReference; explicitFileType = wrapper.application; includeInIndex = 0; path = iOSProgrammingTask.app; sourceTree = BUILT_PRODUCTS_DIR; };
		170EAE8914EA82F000267631 /* UIKit.framework */ = {isa = PBXFileReference; lastKnownFileType = wrapper.framework; name = UIKit.framework; path = System/Library/Frameworks/UIKit.framework; sourceTree = SDKROOT; };
		170EAE8B14EA82F000267631 /* Foundation.framework */ = {isa = PBXFileReference; lastKnownFileType = wrapper.framework; name = Foundation.framework; path = System/Library/Frameworks/Foundation.framework; sourceTree = SDKROOT; };
		170EAE8D14EA82F000267631 /* CoreGraphics.framework */ = {isa = PBXFileReference; lastKnownFileType = wrapper.framework; name = CoreGraphics.framework; path = System/Library/Frameworks/CoreGraphics.framework; sourceTree = SDKROOT; };
		170EAE8F14EA82F000267631 /* CoreData.framework */ = {isa = PBXFileReference; lastKnownFileType = wrapper.framework; name = CoreData.framework; path = System/Library/Frameworks/CoreData.framework; sourceTree = SDKROOT; };
		170EAE9314EA82F000267631 /* iOSProgrammingTask-Info.plist */ = {isa = PBXFileReference; lastKnownFileType = text.plist.xml; path = "iOSProgrammingTask-Info.plist"; sourceTree = "<group>"; };
		170EAE9514EA82F000267631 /* en */ = {isa = PBXFileReference; lastKnownFileType = text.plist.strings; name = en; path = en.lproj/InfoPlist.strings; sourceTree = "<group>"; };
		170EAE9714EA82F000267631 /* main.m */ = {isa = PBXFileReference; lastKnownFileType = sourcecode.c.objc; path = main.m; sourceTree = "<group>"; };
		170EAE9914EA82F000267631 /* iOSProgrammingTask-Prefix.pch */ = {isa = PBXFileReference; lastKnownFileType = sourcecode.c.h; path = "iOSProgrammingTask-Prefix.pch"; sourceTree = "<group>"; };
		170EAE9A14EA82F000267631 /* AppDelegate.h */ = {isa = PBXFileReference; lastKnownFileType = sourcecode.c.h; path = AppDelegate.h; sourceTree = "<group>"; };
		170EAE9B14EA82F000267631 /* AppDelegate.m */ = {isa = PBXFileReference; lastKnownFileType = sourcecode.c.objc; path = AppDelegate.m; sourceTree = "<group>"; };
		170EAEB314EA89A100267631 /* NSAttributeDescription+MagicalDataImport.h */ = {isa = PBXFileReference; lastKnownFileType = sourcecode.c.h; path = "NSAttributeDescription+MagicalDataImport.h"; sourceTree = "<group>"; };
		170EAEB414EA89A100267631 /* NSAttributeDescription+MagicalDataImport.m */ = {isa = PBXFileReference; lastKnownFileType = sourcecode.c.objc; path = "NSAttributeDescription+MagicalDataImport.m"; sourceTree = "<group>"; };
		170EAEB514EA89A100267631 /* NSEntityDescription+MagicalDataImport.h */ = {isa = PBXFileReference; lastKnownFileType = sourcecode.c.h; path = "NSEntityDescription+MagicalDataImport.h"; sourceTree = "<group>"; };
		170EAEB614EA89A100267631 /* NSEntityDescription+MagicalDataImport.m */ = {isa = PBXFileReference; lastKnownFileType = sourcecode.c.objc; path = "NSEntityDescription+MagicalDataImport.m"; sourceTree = "<group>"; };
		170EAEB714EA89A100267631 /* NSNumber+MagicalDataImport.h */ = {isa = PBXFileReference; lastKnownFileType = sourcecode.c.h; path = "NSNumber+MagicalDataImport.h"; sourceTree = "<group>"; };
		170EAEB814EA89A100267631 /* NSNumber+MagicalDataImport.m */ = {isa = PBXFileReference; lastKnownFileType = sourcecode.c.objc; path = "NSNumber+MagicalDataImport.m"; sourceTree = "<group>"; };
		170EAEB914EA89A100267631 /* NSObject+MagicalDataImport.h */ = {isa = PBXFileReference; lastKnownFileType = sourcecode.c.h; path = "NSObject+MagicalDataImport.h"; sourceTree = "<group>"; };
		170EAEBA14EA89A100267631 /* NSObject+MagicalDataImport.m */ = {isa = PBXFileReference; lastKnownFileType = sourcecode.c.objc; path = "NSObject+MagicalDataImport.m"; sourceTree = "<group>"; };
		170EAEBB14EA89A100267631 /* NSRelationshipDescription+MagicalDataImport.h */ = {isa = PBXFileReference; lastKnownFileType = sourcecode.c.h; path = "NSRelationshipDescription+MagicalDataImport.h"; sourceTree = "<group>"; };
		170EAEBC14EA89A100267631 /* NSRelationshipDescription+MagicalDataImport.m */ = {isa = PBXFileReference; lastKnownFileType = sourcecode.c.objc; path = "NSRelationshipDescription+MagicalDataImport.m"; sourceTree = "<group>"; };
		170EAEBD14EA89A100267631 /* NSString+MagicalDataImport.h */ = {isa = PBXFileReference; lastKnownFileType = sourcecode.c.h; path = "NSString+MagicalDataImport.h"; sourceTree = "<group>"; };
		170EAEBE14EA89A100267631 /* NSString+MagicalDataImport.m */ = {isa = PBXFileReference; lastKnownFileType = sourcecode.c.objc; path = "NSString+MagicalDataImport.m"; sourceTree = "<group>"; };
		170EAEBF14EA89A100267631 /* NSManagedObject+MagicalDataImport.h */ = {isa = PBXFileReference; lastKnownFileType = sourcecode.c.h; path = "NSManagedObject+MagicalDataImport.h"; sourceTree = "<group>"; };
		170EAEC014EA89A100267631 /* NSManagedObject+MagicalDataImport.m */ = {isa = PBXFileReference; lastKnownFileType = sourcecode.c.objc; path = "NSManagedObject+MagicalDataImport.m"; sourceTree = "<group>"; };
		170EAEC114EA89A100267631 /* NSManagedObject+MagicalRecord.h */ = {isa = PBXFileReference; lastKnownFileType = sourcecode.c.h; path = "NSManagedObject+MagicalRecord.h"; sourceTree = "<group>"; };
		170EAEC214EA89A100267631 /* NSManagedObject+MagicalRecord.m */ = {isa = PBXFileReference; lastKnownFileType = sourcecode.c.objc; path = "NSManagedObject+MagicalRecord.m"; sourceTree = "<group>"; };
		170EAEC314EA89A100267631 /* NSManagedObjectContext+MagicalRecord.h */ = {isa = PBXFileReference; lastKnownFileType = sourcecode.c.h; path = "NSManagedObjectContext+MagicalRecord.h"; sourceTree = "<group>"; };
		170EAEC414EA89A100267631 /* NSManagedObjectContext+MagicalRecord.m */ = {isa = PBXFileReference; lastKnownFileType = sourcecode.c.objc; path = "NSManagedObjectContext+MagicalRecord.m"; sourceTree = "<group>"; };
		170EAEC514EA89A100267631 /* NSManagedObjectModel+MagicalRecord.h */ = {isa = PBXFileReference; lastKnownFileType = sourcecode.c.h; path = "NSManagedObjectModel+MagicalRecord.h"; sourceTree = "<group>"; };
		170EAEC614EA89A100267631 /* NSManagedObjectModel+MagicalRecord.m */ = {isa = PBXFileReference; lastKnownFileType = sourcecode.c.objc; path = "NSManagedObjectModel+MagicalRecord.m"; sourceTree = "<group>"; };
		170EAEC714EA89A100267631 /* NSPersistentStore+MagicalRecord.h */ = {isa = PBXFileReference; lastKnownFileType = sourcecode.c.h; path = "NSPersistentStore+MagicalRecord.h"; sourceTree = "<group>"; };
		170EAEC814EA89A100267631 /* NSPersistentStore+MagicalRecord.m */ = {isa = PBXFileReference; lastKnownFileType = sourcecode.c.objc; path = "NSPersistentStore+MagicalRecord.m"; sourceTree = "<group>"; };
		170EAEC914EA89A100267631 /* NSPersistentStoreCoordinator+MagicalRecord.h */ = {isa = PBXFileReference; lastKnownFileType = sourcecode.c.h; path = "NSPersistentStoreCoordinator+MagicalRecord.h"; sourceTree = "<group>"; };
		170EAECA14EA89A100267631 /* NSPersistentStoreCoordinator+MagicalRecord.m */ = {isa = PBXFileReference; lastKnownFileType = sourcecode.c.objc; path = "NSPersistentStoreCoordinator+MagicalRecord.m"; sourceTree = "<group>"; };
		170EAECB14EA89A100267631 /* CoreData+MagicalRecord.h */ = {isa = PBXFileReference; lastKnownFileType = sourcecode.c.h; path = "CoreData+MagicalRecord.h"; sourceTree = "<group>"; };
		170EAECC14EA89A100267631 /* MagicalRecordHelpers.h */ = {isa = PBXFileReference; lastKnownFileType = sourcecode.c.h; path = MagicalRecordHelpers.h; sourceTree = "<group>"; };
		170EAECD14EA89A100267631 /* MagicalRecordHelpers.m */ = {isa = PBXFileReference; lastKnownFileType = sourcecode.c.objc; path = MagicalRecordHelpers.m; sourceTree = "<group>"; };
		170EAECE14EA89A100267631 /* MagicalRecordShorthand.h */ = {isa = PBXFileReference; lastKnownFileType = sourcecode.c.h; path = MagicalRecordShorthand.h; sourceTree = "<group>"; };
		170EAECF14EA89A100267631 /* MRCoreDataAction.h */ = {isa = PBXFileReference; lastKnownFileType = sourcecode.c.h; path = MRCoreDataAction.h; sourceTree = "<group>"; };
		170EAED014EA89A100267631 /* MRCoreDataAction.m */ = {isa = PBXFileReference; lastKnownFileType = sourcecode.c.objc; path = MRCoreDataAction.m; sourceTree = "<group>"; };
		170EAED214EA89B600267631 /* JSONKit.h */ = {isa = PBXFileReference; lastKnownFileType = sourcecode.c.h; path = JSONKit.h; sourceTree = "<group>"; };
		170EAED314EA89B600267631 /* JSONKit.m */ = {isa = PBXFileReference; lastKnownFileType = sourcecode.c.objc; path = JSONKit.m; sourceTree = "<group>"; };
		173BA0FF14EABBC3008BE51F /* Author.h */ = {isa = PBXFileReference; fileEncoding = 4; lastKnownFileType = sourcecode.c.h; path = Author.h; sourceTree = "<group>"; };
		173BA10014EABBC3008BE51F /* Author.m */ = {isa = PBXFileReference; fileEncoding = 4; lastKnownFileType = sourcecode.c.objc; path = Author.m; sourceTree = "<group>"; };
		173BA10214EABBC4008BE51F /* Book.h */ = {isa = PBXFileReference; fileEncoding = 4; lastKnownFileType = sourcecode.c.h; path = Book.h; sourceTree = "<group>"; };
		173BA10314EABBC4008BE51F /* Book.m */ = {isa = PBXFileReference; fileEncoding = 4; lastKnownFileType = sourcecode.c.objc; path = Book.m; sourceTree = "<group>"; };
		173BA10514EABBC4008BE51F /* Review.h */ = {isa = PBXFileReference; fileEncoding = 4; lastKnownFileType = sourcecode.c.h; path = Review.h; sourceTree = "<group>"; };
		173BA10614EABBC4008BE51F /* Review.m */ = {isa = PBXFileReference; fileEncoding = 4; lastKnownFileType = sourcecode.c.objc; path = Review.m; sourceTree = "<group>"; };
		173BA10814EABBC4008BE51F /* Publisher.h */ = {isa = PBXFileReference; fileEncoding = 4; lastKnownFileType = sourcecode.c.h; path = Publisher.h; sourceTree = "<group>"; };
		173BA10914EABBC4008BE51F /* Publisher.m */ = {isa = PBXFileReference; fileEncoding = 4; lastKnownFileType = sourcecode.c.objc; path = Publisher.m; sourceTree = "<group>"; };
		173BA10D14EABC06008BE51F /* iOSProgrammingTask.xcdatamodel */ = {isa = PBXFileReference; lastKnownFileType = wrapper.xcdatamodel; path = iOSProgrammingTask.xcdatamodel; sourceTree = "<group>"; };
		173BA10F14EABC06008BE51F /* Author.json */ = {isa = PBXFileReference; fileEncoding = 4; lastKnownFileType = text.json; path = Author.json; sourceTree = "<group>"; };
		173BA11014EABC06008BE51F /* Books.json */ = {isa = PBXFileReference; fileEncoding = 4; lastKnownFileType = text.json; path = Books.json; sourceTree = "<group>"; };
		173BA11114EABC06008BE51F /* Publishers.json */ = {isa = PBXFileReference; fileEncoding = 4; lastKnownFileType = text.json; path = Publishers.json; sourceTree = "<group>"; };
		173BA11714EABD0B008BE51F /* BookViewController.h */ = {isa = PBXFileReference; fileEncoding = 4; lastKnownFileType = sourcecode.c.h; path = BookViewController.h; sourceTree = "<group>"; };
		173BA11814EABD0B008BE51F /* BookViewController.m */ = {isa = PBXFileReference; fileEncoding = 4; lastKnownFileType = sourcecode.c.objc; path = BookViewController.m; sourceTree = "<group>"; };
		173BA11C14EABD36008BE51F /* AuthorViewController.h */ = {isa = PBXFileReference; fileEncoding = 4; lastKnownFileType = sourcecode.c.h; path = AuthorViewController.h; sourceTree = "<group>"; };
		173BA11D14EABD36008BE51F /* AuthorViewController.m */ = {isa = PBXFileReference; fileEncoding = 4; lastKnownFileType = sourcecode.c.objc; path = AuthorViewController.m; sourceTree = "<group>"; };
		173BA12114EABD5A008BE51F /* PublisherViewController.h */ = {isa = PBXFileReference; fileEncoding = 4; lastKnownFileType = sourcecode.c.h; path = PublisherViewController.h; sourceTree = "<group>"; };
		173BA12214EABD5A008BE51F /* PublisherViewController.m */ = {isa = PBXFileReference; fileEncoding = 4; lastKnownFileType = sourcecode.c.objc; path = PublisherViewController.m; sourceTree = "<group>"; };
		173BA12614EABD7C008BE51F /* ReviewViewController.h */ = {isa = PBXFileReference; fileEncoding = 4; lastKnownFileType = sourcecode.c.h; path = ReviewViewController.h; sourceTree = "<group>"; };
		173BA12714EABD7C008BE51F /* ReviewViewController.m */ = {isa = PBXFileReference; fileEncoding = 4; lastKnownFileType = sourcecode.c.objc; path = ReviewViewController.m; sourceTree = "<group>"; };
		173BA12B14EABD97008BE51F /* AuthorView.xib */ = {isa = PBXFileReference; fileEncoding = 4; lastKnownFileType = file.xib; path = AuthorView.xib; sourceTree = "<group>"; };
		173BA12C14EABD97008BE51F /* BookView.xib */ = {isa = PBXFileReference; fileEncoding = 4; lastKnownFileType = file.xib; path = BookView.xib; sourceTree = "<group>"; };
		173BA12D14EABD97008BE51F /* PublisherView.xib */ = {isa = PBXFileReference; fileEncoding = 4; lastKnownFileType = file.xib; path = PublisherView.xib; sourceTree = "<group>"; };
		173BA12E14EABD97008BE51F /* ReviewView.xib */ = {isa = PBXFileReference; fileEncoding = 4; lastKnownFileType = file.xib; path = ReviewView.xib; sourceTree = "<group>"; };
		173BA13814EABF70008BE51F /* BookTableCellViewController.h */ = {isa = PBXFileReference; fileEncoding = 4; lastKnownFileType = sourcecode.c.h; path = BookTableCellViewController.h; sourceTree = "<group>"; };
		173BA13914EABF70008BE51F /* BookTableCellViewController.m */ = {isa = PBXFileReference; fileEncoding = 4; lastKnownFileType = sourcecode.c.objc; path = BookTableCellViewController.m; sourceTree = "<group>"; };
		173BA13D14EABF91008BE51F /* BookTableCellView.xib */ = {isa = PBXFileReference; fileEncoding = 4; lastKnownFileType = file.xib; path = BookTableCellView.xib; sourceTree = "<group>"; };
		173BA15114EAC149008BE51F /* AddBookViewController.h */ = {isa = PBXFileReference; fileEncoding = 4; lastKnownFileType = sourcecode.c.h; path = AddBookViewController.h; sourceTree = "<group>"; };
		173BA15214EAC149008BE51F /* AddBookViewController.m */ = {isa = PBXFileReference; fileEncoding = 4; lastKnownFileType = sourcecode.c.objc; path = AddBookViewController.m; sourceTree = "<group>"; };
		173BA15614EAC16B008BE51F /* EditBookViewController.h */ = {isa = PBXFileReference; fileEncoding = 4; lastKnownFileType = sourcecode.c.h; path = EditBookViewController.h; sourceTree = "<group>"; };
		173BA15714EAC16B008BE51F /* EditBookViewController.m */ = {isa = PBXFileReference; fileEncoding = 4; lastKnownFileType = sourcecode.c.objc; path = EditBookViewController.m; sourceTree = "<group>"; };
		173BA15B14EAC185008BE51F /* AddBookView.xib */ = {isa = PBXFileReference; fileEncoding = 4; lastKnownFileType = file.xib; path = AddBookView.xib; sourceTree = "<group>"; };
		173BA15D14EAC190008BE51F /* EditBookView.xib */ = {isa = PBXFileReference; fileEncoding = 4; lastKnownFileType = file.xib; path = EditBookView.xib; sourceTree = "<group>"; };
		173F92C014EBBA7F00C6EF49 /* MainWindow.xib */ = {isa = PBXFileReference; fileEncoding = 4; lastKnownFileType = file.xib; path = MainWindow.xib; sourceTree = "<group>"; };
/* End PBXFileReference section */

/* Begin PBXFrameworksBuildPhase section */
		170EAE8214EA82EF00267631 /* Frameworks */ = {
			isa = PBXFrameworksBuildPhase;
			buildActionMask = 2147483647;
			files = (
				170EAE8A14EA82F000267631 /* UIKit.framework in Frameworks */,
				170EAE8C14EA82F000267631 /* Foundation.framework in Frameworks */,
				170EAE8E14EA82F000267631 /* CoreGraphics.framework in Frameworks */,
				170EAE9014EA82F000267631 /* CoreData.framework in Frameworks */,
			);
			runOnlyForDeploymentPostprocessing = 0;
		};
/* End PBXFrameworksBuildPhase section */

/* Begin PBXGroup section */
		170EAE7A14EA82EE00267631 = {
			isa = PBXGroup;
			children = (
				170EAE9114EA82F000267631 /* iOSProgrammingTask */,
				170EAE8814EA82F000267631 /* Frameworks */,
				170EAE8614EA82F000267631 /* Products */,
			);
			sourceTree = "<group>";
		};
		170EAE8614EA82F000267631 /* Products */ = {
			isa = PBXGroup;
			children = (
				170EAE8514EA82F000267631 /* iOSProgrammingTask.app */,
			);
			name = Products;
			sourceTree = "<group>";
		};
		170EAE8814EA82F000267631 /* Frameworks */ = {
			isa = PBXGroup;
			children = (
				170EAEB014EA89A100267631 /* MagicalRecord */,
				170EAED114EA89B600267631 /* JSONKit */,
				170EAE8914EA82F000267631 /* UIKit.framework */,
				170EAE8B14EA82F000267631 /* Foundation.framework */,
				170EAE8D14EA82F000267631 /* CoreGraphics.framework */,
				170EAE8F14EA82F000267631 /* CoreData.framework */,
			);
			name = Frameworks;
			sourceTree = "<group>";
		};
		170EAE9114EA82F000267631 /* iOSProgrammingTask */ = {
			isa = PBXGroup;
			children = (
				173BA0FC14EABBAA008BE51F /* Classes */,
				170EAE9A14EA82F000267631 /* AppDelegate.h */,
				170EAE9B14EA82F000267631 /* AppDelegate.m */,
				173F92C014EBBA7F00C6EF49 /* MainWindow.xib */,
				173BA10B14EABC06008BE51F /* Resources */,
				170EAE9214EA82F000267631 /* Supporting Files */,
			);
			path = iOSProgrammingTask;
			sourceTree = "<group>";
		};
		170EAE9214EA82F000267631 /* Supporting Files */ = {
			isa = PBXGroup;
			children = (
				170EAE9314EA82F000267631 /* iOSProgrammingTask-Info.plist */,
				170EAE9414EA82F000267631 /* InfoPlist.strings */,
				170EAE9714EA82F000267631 /* main.m */,
				170EAE9914EA82F000267631 /* iOSProgrammingTask-Prefix.pch */,
			);
			name = "Supporting Files";
			sourceTree = "<group>";
		};
		170EAEB014EA89A100267631 /* MagicalRecord */ = {
			isa = PBXGroup;
			children = (
				170EAEB114EA89A100267631 /* Categories */,
				170EAECB14EA89A100267631 /* CoreData+MagicalRecord.h */,
				170EAECC14EA89A100267631 /* MagicalRecordHelpers.h */,
				170EAECD14EA89A100267631 /* MagicalRecordHelpers.m */,
				170EAECE14EA89A100267631 /* MagicalRecordShorthand.h */,
				170EAECF14EA89A100267631 /* MRCoreDataAction.h */,
				170EAED014EA89A100267631 /* MRCoreDataAction.m */,
			);
			name = MagicalRecord;
			path = "../../../Projects/GSK-Seretide-DutchDeepDive/trunk/client/SeretideDutchDeepDive/SeretideDutchDeepDive/MagicalRecord";
			sourceTree = "<group>";
		};
		170EAEB114EA89A100267631 /* Categories */ = {
			isa = PBXGroup;
			children = (
				170EAEB214EA89A100267631 /* DataImport */,
				170EAEBF14EA89A100267631 /* NSManagedObject+MagicalDataImport.h */,
				170EAEC014EA89A100267631 /* NSManagedObject+MagicalDataImport.m */,
				170EAEC114EA89A100267631 /* NSManagedObject+MagicalRecord.h */,
				170EAEC214EA89A100267631 /* NSManagedObject+MagicalRecord.m */,
				170EAEC314EA89A100267631 /* NSManagedObjectContext+MagicalRecord.h */,
				170EAEC414EA89A100267631 /* NSManagedObjectContext+MagicalRecord.m */,
				170EAEC514EA89A100267631 /* NSManagedObjectModel+MagicalRecord.h */,
				170EAEC614EA89A100267631 /* NSManagedObjectModel+MagicalRecord.m */,
				170EAEC714EA89A100267631 /* NSPersistentStore+MagicalRecord.h */,
				170EAEC814EA89A100267631 /* NSPersistentStore+MagicalRecord.m */,
				170EAEC914EA89A100267631 /* NSPersistentStoreCoordinator+MagicalRecord.h */,
				170EAECA14EA89A100267631 /* NSPersistentStoreCoordinator+MagicalRecord.m */,
			);
			path = Categories;
			sourceTree = "<group>";
		};
		170EAEB214EA89A100267631 /* DataImport */ = {
			isa = PBXGroup;
			children = (
				170EAEB314EA89A100267631 /* NSAttributeDescription+MagicalDataImport.h */,
				170EAEB414EA89A100267631 /* NSAttributeDescription+MagicalDataImport.m */,
				170EAEB514EA89A100267631 /* NSEntityDescription+MagicalDataImport.h */,
				170EAEB614EA89A100267631 /* NSEntityDescription+MagicalDataImport.m */,
				170EAEB714EA89A100267631 /* NSNumber+MagicalDataImport.h */,
				170EAEB814EA89A100267631 /* NSNumber+MagicalDataImport.m */,
				170EAEB914EA89A100267631 /* NSObject+MagicalDataImport.h */,
				170EAEBA14EA89A100267631 /* NSObject+MagicalDataImport.m */,
				170EAEBB14EA89A100267631 /* NSRelationshipDescription+MagicalDataImport.h */,
				170EAEBC14EA89A100267631 /* NSRelationshipDescription+MagicalDataImport.m */,
				170EAEBD14EA89A100267631 /* NSString+MagicalDataImport.h */,
				170EAEBE14EA89A100267631 /* NSString+MagicalDataImport.m */,
			);
			path = DataImport;
			sourceTree = "<group>";
		};
		170EAED114EA89B600267631 /* JSONKit */ = {
			isa = PBXGroup;
			children = (
				170EAED214EA89B600267631 /* JSONKit.h */,
				170EAED314EA89B600267631 /* JSONKit.m */,
			);
			name = JSONKit;
			path = "../../../Projects/GSK-Seretide-DutchDeepDive/trunk/client/SeretideDutchDeepDive/SeretideDutchDeepDive/Frameworks/JSONKit";
			sourceTree = "<group>";
		};
		173BA0FC14EABBAA008BE51F /* Classes */ = {
			isa = PBXGroup;
			children = (
				173BA0FD14EABBAA008BE51F /* Controllers */,
				173BA0FE14EABBAA008BE51F /* Model */,
			);
			path = Classes;
			sourceTree = "<group>";
		};
		173BA0FD14EABBAA008BE51F /* Controllers */ = {
			isa = PBXGroup;
			children = (
				173BA15114EAC149008BE51F /* AddBookViewController.h */,
				173BA15214EAC149008BE51F /* AddBookViewController.m */,
				173BA11C14EABD36008BE51F /* AuthorViewController.h */,
				173BA11D14EABD36008BE51F /* AuthorViewController.m */,
				173BA13814EABF70008BE51F /* BookTableCellViewController.h */,
				173BA13914EABF70008BE51F /* BookTableCellViewController.m */,
				173BA11714EABD0B008BE51F /* BookViewController.h */,
				173BA11814EABD0B008BE51F /* BookViewController.m */,
				173BA15614EAC16B008BE51F /* EditBookViewController.h */,
				173BA15714EAC16B008BE51F /* EditBookViewController.m */,
				173BA12114EABD5A008BE51F /* PublisherViewController.h */,
				173BA12214EABD5A008BE51F /* PublisherViewController.m */,
				173BA12614EABD7C008BE51F /* ReviewViewController.h */,
				173BA12714EABD7C008BE51F /* ReviewViewController.m */,
			);
			path = Controllers;
			sourceTree = "<group>";
		};
		173BA0FE14EABBAA008BE51F /* Model */ = {
			isa = PBXGroup;
			children = (
				173BA0FF14EABBC3008BE51F /* Author.h */,
				173BA10014EABBC3008BE51F /* Author.m */,
				173BA10214EABBC4008BE51F /* Book.h */,
				173BA10314EABBC4008BE51F /* Book.m */,
				173BA10814EABBC4008BE51F /* Publisher.h */,
				173BA10914EABBC4008BE51F /* Publisher.m */,
				173BA10514EABBC4008BE51F /* Review.h */,
				173BA10614EABBC4008BE51F /* Review.m */,
			);
			path = Model;
			sourceTree = "<group>";
		};
		173BA10B14EABC06008BE51F /* Resources */ = {
			isa = PBXGroup;
			children = (
				173BA11214EABC06008BE51F /* Views */,
				173BA10E14EABC06008BE51F /* JSON */,
				173BA10C14EABC06008BE51F /* iOSProgrammingTask.xcdatamodeld */,
			);
			path = Resources;
			sourceTree = "<group>";
		};
		173BA10E14EABC06008BE51F /* JSON */ = {
			isa = PBXGroup;
			children = (
				173BA10F14EABC06008BE51F /* Author.json */,
				173BA11014EABC06008BE51F /* Books.json */,
				173BA11114EABC06008BE51F /* Publishers.json */,
			);
			path = JSON;
			sourceTree = "<group>";
		};
		173BA11214EABC06008BE51F /* Views */ = {
			isa = PBXGroup;
			children = (
				173BA15B14EAC185008BE51F /* AddBookView.xib */,
				173BA12B14EABD97008BE51F /* AuthorView.xib */,
				173BA13D14EABF91008BE51F /* BookTableCellView.xib */,
				173BA12C14EABD97008BE51F /* BookView.xib */,
				173BA15D14EAC190008BE51F /* EditBookView.xib */,
				173BA12D14EABD97008BE51F /* PublisherView.xib */,
				173BA12E14EABD97008BE51F /* ReviewView.xib */,
			);
			path = Views;
			sourceTree = "<group>";
		};
/* End PBXGroup section */

/* Begin PBXNativeTarget section */
		170EAE8414EA82EF00267631 /* iOSProgrammingTask */ = {
			isa = PBXNativeTarget;
			buildConfigurationList = 170EAEA214EA82F000267631 /* Build configuration list for PBXNativeTarget "iOSProgrammingTask" */;
			buildPhases = (
				170EAE8114EA82EF00267631 /* Sources */,
				170EAE8214EA82EF00267631 /* Frameworks */,
				170EAE8314EA82EF00267631 /* Resources */,
			);
			buildRules = (
			);
			dependencies = (
			);
			name = iOSProgrammingTask;
			productName = iOSProgrammingTask;
			productReference = 170EAE8514EA82F000267631 /* iOSProgrammingTask.app */;
			productType = "com.apple.product-type.application";
		};
/* End PBXNativeTarget section */

/* Begin PBXProject section */
		170EAE7C14EA82EE00267631 /* Project object */ = {
			isa = PBXProject;
			attributes = {
				LastUpgradeCheck = 0420;
			};
			buildConfigurationList = 170EAE7F14EA82EE00267631 /* Build configuration list for PBXProject "iOSProgrammingTask" */;
			compatibilityVersion = "Xcode 3.2";
			developmentRegion = English;
			hasScannedForEncodings = 0;
			knownRegions = (
				en,
			);
			mainGroup = 170EAE7A14EA82EE00267631;
			productRefGroup = 170EAE8614EA82F000267631 /* Products */;
			projectDirPath = "";
			projectRoot = "";
			targets = (
				170EAE8414EA82EF00267631 /* iOSProgrammingTask */,
			);
		};
/* End PBXProject section */

/* Begin PBXResourcesBuildPhase section */
		170EAE8314EA82EF00267631 /* Resources */ = {
			isa = PBXResourcesBuildPhase;
			buildActionMask = 2147483647;
			files = (
				170EAE9614EA82F000267631 /* InfoPlist.strings in Resources */,
				173BA11414EABC06008BE51F /* Author.json in Resources */,
				173BA11514EABC06008BE51F /* Books.json in Resources */,
				173BA11614EABC06008BE51F /* Publishers.json in Resources */,
				173BA12F14EABD97008BE51F /* AuthorView.xib in Resources */,
				173BA13014EABD97008BE51F /* BookView.xib in Resources */,
				173BA13114EABD97008BE51F /* PublisherView.xib in Resources */,
				173BA13214EABD97008BE51F /* ReviewView.xib in Resources */,
				173BA13E14EABF91008BE51F /* BookTableCellView.xib in Resources */,
				173BA15C14EAC185008BE51F /* AddBookView.xib in Resources */,
				173BA15E14EAC190008BE51F /* EditBookView.xib in Resources */,
				173F92C114EBBA7F00C6EF49 /* MainWindow.xib in Resources */,
			);
			runOnlyForDeploymentPostprocessing = 0;
		};
/* End PBXResourcesBuildPhase section */

/* Begin PBXSourcesBuildPhase section */
		170EAE8114EA82EF00267631 /* Sources */ = {
			isa = PBXSourcesBuildPhase;
			buildActionMask = 2147483647;
			files = (
				170EAE9814EA82F000267631 /* main.m in Sources */,
				170EAE9C14EA82F000267631 /* AppDelegate.m in Sources */,
				173BA10114EABBC3008BE51F /* Author.m in Sources */,
				173BA10414EABBC4008BE51F /* Book.m in Sources */,
				173BA10714EABBC4008BE51F /* Review.m in Sources */,
				173BA10A14EABBC4008BE51F /* Publisher.m in Sources */,
				173BA11314EABC06008BE51F /* iOSProgrammingTask.xcdatamodeld in Sources */,
				173BA11A14EABD0B008BE51F /* BookViewController.m in Sources */,
				173BA11F14EABD36008BE51F /* AuthorViewController.m in Sources */,
				173BA12414EABD5A008BE51F /* PublisherViewController.m in Sources */,
				173BA12914EABD7C008BE51F /* ReviewViewController.m in Sources */,
				173BA13B14EABF70008BE51F /* BookTableCellViewController.m in Sources */,
				173BA15414EAC149008BE51F /* AddBookViewController.m in Sources */,
				173BA15914EAC16B008BE51F /* EditBookViewController.m in Sources */,
				173BA16914EACB78008BE51F /* MagicalRecordHelpers.m in Sources */,
				173BA16A14EACBAF008BE51F /* MRCoreDataAction.m in Sources */,
				173BA16B14EACBF9008BE51F /* NSPersistentStoreCoordinator+MagicalRecord.m in Sources */,
				173BA16C14EACC0F008BE51F /* NSPersistentStore+MagicalRecord.m in Sources */,
				173BA16D14EACC13008BE51F /* NSManagedObjectModel+MagicalRecord.m in Sources */,
				173BA16E14EACC16008BE51F /* NSManagedObjectContext+MagicalRecord.m in Sources */,
				173BA16F14EACC19008BE51F /* NSManagedObject+MagicalRecord.m in Sources */,
				173BA17014EACC1C008BE51F /* NSManagedObject+MagicalDataImport.m in Sources */,
				173BA17114EACC30008BE51F /* NSString+MagicalDataImport.m in Sources */,
				173BA17214EACC33008BE51F /* NSRelationshipDescription+MagicalDataImport.m in Sources */,
				173BA17314EACC36008BE51F /* NSObject+MagicalDataImport.m in Sources */,
				173BA17414EACC39008BE51F /* NSNumber+MagicalDataImport.m in Sources */,
				173BA17514EACC3C008BE51F /* NSEntityDescription+MagicalDataImport.m in Sources */,
				173BA17614EACC3E008BE51F /* NSAttributeDescription+MagicalDataImport.m in Sources */,
				173BA17714EACC5A008BE51F /* JSONKit.m in Sources */,
			);
			runOnlyForDeploymentPostprocessing = 0;
		};
/* End PBXSourcesBuildPhase section */

/* Begin PBXVariantGroup section */
		170EAE9414EA82F000267631 /* InfoPlist.strings */ = {
			isa = PBXVariantGroup;
			children = (
				170EAE9514EA82F000267631 /* en */,
			);
			name = InfoPlist.strings;
			sourceTree = "<group>";
		};
/* End PBXVariantGroup section */

/* Begin XCBuildConfiguration section */
		170EAEA014EA82F000267631 /* Debug */ = {
			isa = XCBuildConfiguration;
			buildSettings = {
				ALWAYS_SEARCH_USER_PATHS = NO;
				ARCHS = "$(ARCHS_STANDARD_32_BIT)";
				"CODE_SIGN_IDENTITY[sdk=iphoneos*]" = "iPhone Developer";
				COPY_PHASE_STRIP = NO;
				GCC_C_LANGUAGE_STANDARD = gnu99;
				GCC_DYNAMIC_NO_PIC = NO;
				GCC_OPTIMIZATION_LEVEL = 0;
				GCC_PREPROCESSOR_DEFINITIONS = (
					"DEBUG=1",
					"$(inherited)",
				);
				GCC_SYMBOLS_PRIVATE_EXTERN = NO;
				GCC_VERSION = com.apple.compilers.llvm.clang.1_0;
				GCC_WARN_ABOUT_MISSING_PROTOTYPES = YES;
				GCC_WARN_ABOUT_RETURN_TYPE = YES;
				GCC_WARN_UNUSED_VARIABLE = YES;
				IPHONEOS_DEPLOYMENT_TARGET = 5.0;
				SDKROOT = iphoneos;
			};
			name = Debug;
		};
		170EAEA114EA82F000267631 /* Release */ = {
			isa = XCBuildConfiguration;
			buildSettings = {
				ALWAYS_SEARCH_USER_PATHS = NO;
				ARCHS = "$(ARCHS_STANDARD_32_BIT)";
				"CODE_SIGN_IDENTITY[sdk=iphoneos*]" = "iPhone Developer";
				COPY_PHASE_STRIP = YES;
				GCC_C_LANGUAGE_STANDARD = gnu99;
				GCC_VERSION = com.apple.compilers.llvm.clang.1_0;
				GCC_WARN_ABOUT_MISSING_PROTOTYPES = YES;
				GCC_WARN_ABOUT_RETURN_TYPE = YES;
				GCC_WARN_UNUSED_VARIABLE = YES;
				IPHONEOS_DEPLOYMENT_TARGET = 5.0;
				OTHER_CFLAGS = "-DNS_BLOCK_ASSERTIONS=1";
				SDKROOT = iphoneos;
				VALIDATE_PRODUCT = YES;
			};
			name = Release;
		};
		170EAEA314EA82F000267631 /* Debug */ = {
			isa = XCBuildConfiguration;
			buildSettings = {
				GCC_PRECOMPILE_PREFIX_HEADER = YES;
				GCC_PREFIX_HEADER = "iOSProgrammingTask/iOSProgrammingTask-Prefix.pch";
				INFOPLIST_FILE = "iOSProgrammingTask/iOSProgrammingTask-Info.plist";
				PRODUCT_NAME = "$(TARGET_NAME)";
				WRAPPER_EXTENSION = app;
			};
			name = Debug;
		};
		170EAEA414EA82F000267631 /* Release */ = {
			isa = XCBuildConfiguration;
			buildSettings = {
				GCC_PRECOMPILE_PREFIX_HEADER = YES;
				GCC_PREFIX_HEADER = "iOSProgrammingTask/iOSProgrammingTask-Prefix.pch";
				INFOPLIST_FILE = "iOSProgrammingTask/iOSProgrammingTask-Info.plist";
				PRODUCT_NAME = "$(TARGET_NAME)";
				WRAPPER_EXTENSION = app;
			};
			name = Release;
		};
/* End XCBuildConfiguration section */

/* Begin XCConfigurationList section */
		170EAE7F14EA82EE00267631 /* Build configuration list for PBXProject "iOSProgrammingTask" */ = {
			isa = XCConfigurationList;
			buildConfigurations = (
				170EAEA014EA82F000267631 /* Debug */,
				170EAEA114EA82F000267631 /* Release */,
			);
			defaultConfigurationIsVisible = 0;
			defaultConfigurationName = Release;
		};
		170EAEA214EA82F000267631 /* Build configuration list for PBXNativeTarget "iOSProgrammingTask" */ = {
			isa = XCConfigurationList;
			buildConfigurations = (
				170EAEA314EA82F000267631 /* Debug */,
				170EAEA414EA82F000267631 /* Release */,
			);
			defaultConfigurationIsVisible = 0;
			defaultConfigurationName = Release;
		};
/* End XCConfigurationList section */

/* Begin XCVersionGroup section */
		173BA10C14EABC06008BE51F /* iOSProgrammingTask.xcdatamodeld */ = {
			isa = XCVersionGroup;
			children = (
				173BA10D14EABC06008BE51F /* iOSProgrammingTask.xcdatamodel */,
			);
			currentVersion = 173BA10D14EABC06008BE51F /* iOSProgrammingTask.xcdatamodel */;
			path = iOSProgrammingTask.xcdatamodeld;
			sourceTree = "<group>";
			versionGroupType = wrapper.xcdatamodel;
		};
/* End XCVersionGroup section */
	};
	rootObject = 170EAE7C14EA82EE00267631 /* Project object */;
}
