// !$*UTF8*$!
{
	archiveVersion = 1;
	classes = {
	};
	objectVersion = 46;
	objects = {

/* Begin PBXBuildFile section */
		170EAE8A14EA82F000267631 /* UIKit.framework in Frameworks */ = {isa = PBXBuildFile; fileRef = 170EAE8914EA82F000267631 /* UIKit.framework */; };
		170EAE8C14EA82F000267631 /* Foundation.framework in Frameworks */ = {isa = PBXBuildFile; fileRef = 170EAE8B14EA82F000267631 /* Foundation.framework */; };
		170EAE8E14EA82F000267631 /* CoreGraphics.framework in Frameworks */ = {isa = PBXBuildFile; fileRef = 170EAE8D14EA82F000267631 /* CoreGraphics.framework */; };
		170EAE9014EA82F000267631 /* CoreData.framework in Frameworks */ = {isa = PBXBuildFile; fileRef = 170EAE8F14EA82F000267631 /* CoreData.framework */; };
		170EAE9614EA82F000267631 /* InfoPlist.strings in Resources */ = {isa = PBXBuildFile; fileRef = 170EAE9414EA82F000267631 /* InfoPlist.strings */; };
		170EAE9814EA82F000267631 /* main.m in Sources */ = {isa = PBXBuildFile; fileRef = 170EAE9714EA82F000267631 /* main.m */; };
		170EAE9C14EA82F000267631 /* AppDelegate.m in Sources */ = {isa = PBXBuildFile; fileRef = 170EAE9B14EA82F000267631 /* AppDelegate.m */; };
		1722B24314EE6C18003732B8 /* BookTableCell.m in Sources */ = {isa = PBXBuildFile; fileRef = 1722B24214EE6C17003732B8 /* BookTableCell.m */; };
		172B416214F798BA00EB8024 /* Author.m in Sources */ = {isa = PBXBuildFile; fileRef = 172B416114F798BA00EB8024 /* Author.m */; };
		172B416614F798BB00EB8024 /* Publisher.m in Sources */ = {isa = PBXBuildFile; fileRef = 172B416514F798BB00EB8024 /* Publisher.m */; };
		172B416914F798BB00EB8024 /* Book.m in Sources */ = {isa = PBXBuildFile; fileRef = 172B416814F798BB00EB8024 /* Book.m */; };
		172B416C14F798BB00EB8024 /* Review.m in Sources */ = {isa = PBXBuildFile; fileRef = 172B416B14F798BB00EB8024 /* Review.m */; };
		172B417914F7AD1400EB8024 /* IndividualBookViewController.m in Sources */ = {isa = PBXBuildFile; fileRef = 172B417714F7AD1400EB8024 /* IndividualBookViewController.m */; };
		172B417C14F7AD4500EB8024 /* IndividualBookView.xib in Resources */ = {isa = PBXBuildFile; fileRef = 172B417B14F7AD4500EB8024 /* IndividualBookView.xib */; };
		173BA11314EABC06008BE51F /* iOSProgrammingTask.xcdatamodeld in Sources */ = {isa = PBXBuildFile; fileRef = 173BA10C14EABC06008BE51F /* iOSProgrammingTask.xcdatamodeld */; };
		173BA11414EABC06008BE51F /* Author.json in Resources */ = {isa = PBXBuildFile; fileRef = 173BA10F14EABC06008BE51F /* Author.json */; };
		173BA11514EABC06008BE51F /* Books.json in Resources */ = {isa = PBXBuildFile; fileRef = 173BA11014EABC06008BE51F /* Books.json */; };
		173BA11614EABC06008BE51F /* Publishers.json in Resources */ = {isa = PBXBuildFile; fileRef = 173BA11114EABC06008BE51F /* Publishers.json */; };
		173BA11A14EABD0B008BE51F /* BookViewController.m in Sources */ = {isa = PBXBuildFile; fileRef = 173BA11814EABD0B008BE51F /* BookViewController.m */; };
		173BA11F14EABD36008BE51F /* AuthorViewController.m in Sources */ = {isa = PBXBuildFile; fileRef = 173BA11D14EABD36008BE51F /* AuthorViewController.m */; };
		173BA12414EABD5A008BE51F /* PublisherViewController.m in Sources */ = {isa = PBXBuildFile; fileRef = 173BA12214EABD5A008BE51F /* PublisherViewController.m */; };
		173BA12914EABD7C008BE51F /* ReviewViewController.m in Sources */ = {isa = PBXBuildFile; fileRef = 173BA12714EABD7C008BE51F /* ReviewViewController.m */; };
		173BA12F14EABD97008BE51F /* AuthorView.xib in Resources */ = {isa = PBXBuildFile; fileRef = 173BA12B14EABD97008BE51F /* AuthorView.xib */; };
		173BA13014EABD97008BE51F /* BookView.xib in Resources */ = {isa = PBXBuildFile; fileRef = 173BA12C14EABD97008BE51F /* BookView.xib */; };
		173BA13114EABD97008BE51F /* PublisherView.xib in Resources */ = {isa = PBXBuildFile; fileRef = 173BA12D14EABD97008BE51F /* PublisherView.xib */; };
		173BA13214EABD97008BE51F /* ReviewView.xib in Resources */ = {isa = PBXBuildFile; fileRef = 173BA12E14EABD97008BE51F /* ReviewView.xib */; };
		173BA13E14EABF91008BE51F /* BookTableCell.xib in Resources */ = {isa = PBXBuildFile; fileRef = 173BA13D14EABF91008BE51F /* BookTableCell.xib */; };
		173BA15914EAC16B008BE51F /* EditBookViewController.m in Sources */ = {isa = PBXBuildFile; fileRef = 173BA15714EAC16B008BE51F /* EditBookViewController.m */; };
		173BA15E14EAC190008BE51F /* EditBookView.xib in Resources */ = {isa = PBXBuildFile; fileRef = 173BA15D14EAC190008BE51F /* EditBookView.xib */; };
		173F92C114EBBA7F00C6EF49 /* MainWindow.xib in Resources */ = {isa = PBXBuildFile; fileRef = 173F92C014EBBA7F00C6EF49 /* MainWindow.xib */; };
		173F92D714EBE17200C6EF49 /* Book+Additions.m in Sources */ = {isa = PBXBuildFile; fileRef = 173F92D614EBE17200C6EF49 /* Book+Additions.m */; };
		173F930A14EC078500C6EF49 /* JSONSetupHelpers.m in Sources */ = {isa = PBXBuildFile; fileRef = 173F930914EC078500C6EF49 /* JSONSetupHelpers.m */; };
		173F930D14EC095200C6EF49 /* SettingsManager.m in Sources */ = {isa = PBXBuildFile; fileRef = 173F930C14EC095200C6EF49 /* SettingsManager.m */; };
		173F931914EC188900C6EF49 /* Author+Additions.m in Sources */ = {isa = PBXBuildFile; fileRef = 173F931814EC188900C6EF49 /* Author+Additions.m */; };
		173F931C14EC22B800C6EF49 /* Publisher+Additions.m in Sources */ = {isa = PBXBuildFile; fileRef = 173F931B14EC22B700C6EF49 /* Publisher+Additions.m */; };
		17E9E4C314FBDE8D00010FC2 /* JSONKit.m in Sources */ = {isa = PBXBuildFile; fileRef = 17E9E4C214FBDE8D00010FC2 /* JSONKit.m */; };
		17E9E4E514FBDE9C00010FC2 /* NSAttributeDescription+MagicalDataImport.m in Sources */ = {isa = PBXBuildFile; fileRef = 17E9E4C814FBDE9C00010FC2 /* NSAttributeDescription+MagicalDataImport.m */; };
		17E9E4E614FBDE9C00010FC2 /* NSEntityDescription+MagicalDataImport.m in Sources */ = {isa = PBXBuildFile; fileRef = 17E9E4CA14FBDE9C00010FC2 /* NSEntityDescription+MagicalDataImport.m */; };
		17E9E4E714FBDE9C00010FC2 /* NSNumber+MagicalDataImport.m in Sources */ = {isa = PBXBuildFile; fileRef = 17E9E4CC14FBDE9C00010FC2 /* NSNumber+MagicalDataImport.m */; };
		17E9E4E814FBDE9C00010FC2 /* NSObject+MagicalDataImport.m in Sources */ = {isa = PBXBuildFile; fileRef = 17E9E4CE14FBDE9C00010FC2 /* NSObject+MagicalDataImport.m */; };
		17E9E4E914FBDE9C00010FC2 /* NSRelationshipDescription+MagicalDataImport.m in Sources */ = {isa = PBXBuildFile; fileRef = 17E9E4D014FBDE9C00010FC2 /* NSRelationshipDescription+MagicalDataImport.m */; };
		17E9E4EA14FBDE9C00010FC2 /* NSString+MagicalDataImport.m in Sources */ = {isa = PBXBuildFile; fileRef = 17E9E4D214FBDE9C00010FC2 /* NSString+MagicalDataImport.m */; };
		17E9E4EB14FBDE9C00010FC2 /* NSManagedObject+MagicalDataImport.m in Sources */ = {isa = PBXBuildFile; fileRef = 17E9E4D414FBDE9C00010FC2 /* NSManagedObject+MagicalDataImport.m */; };
		17E9E4EC14FBDE9C00010FC2 /* NSManagedObject+MagicalRecord.m in Sources */ = {isa = PBXBuildFile; fileRef = 17E9E4D614FBDE9C00010FC2 /* NSManagedObject+MagicalRecord.m */; };
		17E9E4ED14FBDE9C00010FC2 /* NSManagedObjectContext+MagicalRecord.m in Sources */ = {isa = PBXBuildFile; fileRef = 17E9E4D814FBDE9C00010FC2 /* NSManagedObjectContext+MagicalRecord.m */; };
		17E9E4EE14FBDE9C00010FC2 /* NSManagedObjectModel+MagicalRecord.m in Sources */ = {isa = PBXBuildFile; fileRef = 17E9E4DA14FBDE9C00010FC2 /* NSManagedObjectModel+MagicalRecord.m */; };
		17E9E4EF14FBDE9C00010FC2 /* NSPersistentStore+MagicalRecord.m in Sources */ = {isa = PBXBuildFile; fileRef = 17E9E4DC14FBDE9C00010FC2 /* NSPersistentStore+MagicalRecord.m */; };
		17E9E4F014FBDE9C00010FC2 /* NSPersistentStoreCoordinator+MagicalRecord.m in Sources */ = {isa = PBXBuildFile; fileRef = 17E9E4DE14FBDE9C00010FC2 /* NSPersistentStoreCoordinator+MagicalRecord.m */; };
		17E9E4F114FBDE9C00010FC2 /* MagicalRecordHelpers.m in Sources */ = {isa = PBXBuildFile; fileRef = 17E9E4E114FBDE9C00010FC2 /* MagicalRecordHelpers.m */; };
		17E9E4F214FBDE9C00010FC2 /* MRCoreDataAction.m in Sources */ = {isa = PBXBuildFile; fileRef = 17E9E4E414FBDE9C00010FC2 /* MRCoreDataAction.m */; };
/* End PBXBuildFile section */

/* Begin PBXFileReference section */
		170EAE8514EA82F000267631 /* iOSProgrammingTask.app */ = {isa = PBXFileReference; explicitFileType = wrapper.application; includeInIndex = 0; path = iOSProgrammingTask.app; sourceTree = BUILT_PRODUCTS_DIR; };
		170EAE8914EA82F000267631 /* UIKit.framework */ = {isa = PBXFileReference; lastKnownFileType = wrapper.framework; name = UIKit.framework; path = System/Library/Frameworks/UIKit.framework; sourceTree = SDKROOT; };
		170EAE8B14EA82F000267631 /* Foundation.framework */ = {isa = PBXFileReference; lastKnownFileType = wrapper.framework; name = Foundation.framework; path = System/Library/Frameworks/Foundation.framework; sourceTree = SDKROOT; };
		170EAE8D14EA82F000267631 /* CoreGraphics.framework */ = {isa = PBXFileReference; lastKnownFileType = wrapper.framework; name = CoreGraphics.framework; path = System/Library/Frameworks/CoreGraphics.framework; sourceTree = SDKROOT; };
		170EAE8F14EA82F000267631 /* CoreData.framework */ = {isa = PBXFileReference; lastKnownFileType = wrapper.framework; name = CoreData.framework; path = System/Library/Frameworks/CoreData.framework; sourceTree = SDKROOT; };
		170EAE9314EA82F000267631 /* iOSProgrammingTask-Info.plist */ = {isa = PBXFileReference; lastKnownFileType = text.plist.xml; path = "iOSProgrammingTask-Info.plist"; sourceTree = "<group>"; };
		170EAE9514EA82F000267631 /* en */ = {isa = PBXFileReference; lastKnownFileType = text.plist.strings; name = en; path = en.lproj/InfoPlist.strings; sourceTree = "<group>"; };
		170EAE9714EA82F000267631 /* main.m */ = {isa = PBXFileReference; lastKnownFileType = sourcecode.c.objc; path = main.m; sourceTree = "<group>"; };
		170EAE9914EA82F000267631 /* iOSProgrammingTask-Prefix.pch */ = {isa = PBXFileReference; lastKnownFileType = sourcecode.c.h; path = "iOSProgrammingTask-Prefix.pch"; sourceTree = "<group>"; };
		170EAE9A14EA82F000267631 /* AppDelegate.h */ = {isa = PBXFileReference; lastKnownFileType = sourcecode.c.h; path = AppDelegate.h; sourceTree = "<group>"; };
		170EAE9B14EA82F000267631 /* AppDelegate.m */ = {isa = PBXFileReference; lastKnownFileType = sourcecode.c.objc; path = AppDelegate.m; sourceTree = "<group>"; };
		1722B24114EE6C17003732B8 /* BookTableCell.h */ = {isa = PBXFileReference; fileEncoding = 4; lastKnownFileType = sourcecode.c.h; path = BookTableCell.h; sourceTree = "<group>"; };
		1722B24214EE6C17003732B8 /* BookTableCell.m */ = {isa = PBXFileReference; fileEncoding = 4; lastKnownFileType = sourcecode.c.objc; path = BookTableCell.m; sourceTree = "<group>"; };
		172B416014F798BA00EB8024 /* Author.h */ = {isa = PBXFileReference; fileEncoding = 4; lastKnownFileType = sourcecode.c.h; path = Author.h; sourceTree = "<group>"; };
		172B416114F798BA00EB8024 /* Author.m */ = {isa = PBXFileReference; fileEncoding = 4; lastKnownFileType = sourcecode.c.objc; path = Author.m; sourceTree = "<group>"; };
		172B416414F798BB00EB8024 /* Publisher.h */ = {isa = PBXFileReference; fileEncoding = 4; lastKnownFileType = sourcecode.c.h; path = Publisher.h; sourceTree = "<group>"; };
		172B416514F798BB00EB8024 /* Publisher.m */ = {isa = PBXFileReference; fileEncoding = 4; lastKnownFileType = sourcecode.c.objc; path = Publisher.m; sourceTree = "<group>"; };
		172B416714F798BB00EB8024 /* Book.h */ = {isa = PBXFileReference; fileEncoding = 4; lastKnownFileType = sourcecode.c.h; path = Book.h; sourceTree = "<group>"; };
		172B416814F798BB00EB8024 /* Book.m */ = {isa = PBXFileReference; fileEncoding = 4; lastKnownFileType = sourcecode.c.objc; path = Book.m; sourceTree = "<group>"; };
		172B416A14F798BB00EB8024 /* Review.h */ = {isa = PBXFileReference; fileEncoding = 4; lastKnownFileType = sourcecode.c.h; path = Review.h; sourceTree = "<group>"; };
		172B416B14F798BB00EB8024 /* Review.m */ = {isa = PBXFileReference; fileEncoding = 4; lastKnownFileType = sourcecode.c.objc; path = Review.m; sourceTree = "<group>"; };
		172B417614F7AD1300EB8024 /* IndividualBookViewController.h */ = {isa = PBXFileReference; fileEncoding = 4; lastKnownFileType = sourcecode.c.h; path = IndividualBookViewController.h; sourceTree = "<group>"; };
		172B417714F7AD1400EB8024 /* IndividualBookViewController.m */ = {isa = PBXFileReference; fileEncoding = 4; lastKnownFileType = sourcecode.c.objc; path = IndividualBookViewController.m; sourceTree = "<group>"; };
		172B417B14F7AD4500EB8024 /* IndividualBookView.xib */ = {isa = PBXFileReference; fileEncoding = 4; lastKnownFileType = file.xib; path = IndividualBookView.xib; sourceTree = "<group>"; };
		172B418014F7D5B100EB8024 /* BookDeleteDelegate.h */ = {isa = PBXFileReference; lastKnownFileType = sourcecode.c.h; path = BookDeleteDelegate.h; sourceTree = "<group>"; };
		173BA10D14EABC06008BE51F /* iOSProgrammingTask.xcdatamodel */ = {isa = PBXFileReference; lastKnownFileType = wrapper.xcdatamodel; path = iOSProgrammingTask.xcdatamodel; sourceTree = "<group>"; };
		173BA10F14EABC06008BE51F /* Author.json */ = {isa = PBXFileReference; fileEncoding = 4; lastKnownFileType = text.json; path = Author.json; sourceTree = "<group>"; };
		173BA11014EABC06008BE51F /* Books.json */ = {isa = PBXFileReference; fileEncoding = 4; lastKnownFileType = text.json; path = Books.json; sourceTree = "<group>"; };
		173BA11114EABC06008BE51F /* Publishers.json */ = {isa = PBXFileReference; fileEncoding = 4; lastKnownFileType = text.json; path = Publishers.json; sourceTree = "<group>"; };
		173BA11714EABD0B008BE51F /* BookViewController.h */ = {isa = PBXFileReference; fileEncoding = 4; lastKnownFileType = sourcecode.c.h; path = BookViewController.h; sourceTree = "<group>"; };
		173BA11814EABD0B008BE51F /* BookViewController.m */ = {isa = PBXFileReference; fileEncoding = 4; lastKnownFileType = sourcecode.c.objc; path = BookViewController.m; sourceTree = "<group>"; };
		173BA11C14EABD36008BE51F /* AuthorViewController.h */ = {isa = PBXFileReference; fileEncoding = 4; lastKnownFileType = sourcecode.c.h; path = AuthorViewController.h; sourceTree = "<group>"; };
		173BA11D14EABD36008BE51F /* AuthorViewController.m */ = {isa = PBXFileReference; fileEncoding = 4; lastKnownFileType = sourcecode.c.objc; path = AuthorViewController.m; sourceTree = "<group>"; };
		173BA12114EABD5A008BE51F /* PublisherViewController.h */ = {isa = PBXFileReference; fileEncoding = 4; lastKnownFileType = sourcecode.c.h; path = PublisherViewController.h; sourceTree = "<group>"; };
		173BA12214EABD5A008BE51F /* PublisherViewController.m */ = {isa = PBXFileReference; fileEncoding = 4; lastKnownFileType = sourcecode.c.objc; path = PublisherViewController.m; sourceTree = "<group>"; };
		173BA12614EABD7C008BE51F /* ReviewViewController.h */ = {isa = PBXFileReference; fileEncoding = 4; lastKnownFileType = sourcecode.c.h; path = ReviewViewController.h; sourceTree = "<group>"; };
		173BA12714EABD7C008BE51F /* ReviewViewController.m */ = {isa = PBXFileReference; fileEncoding = 4; lastKnownFileType = sourcecode.c.objc; path = ReviewViewController.m; sourceTree = "<group>"; };
		173BA12B14EABD97008BE51F /* AuthorView.xib */ = {isa = PBXFileReference; fileEncoding = 4; lastKnownFileType = file.xib; path = AuthorView.xib; sourceTree = "<group>"; };
		173BA12C14EABD97008BE51F /* BookView.xib */ = {isa = PBXFileReference; fileEncoding = 4; lastKnownFileType = file.xib; path = BookView.xib; sourceTree = "<group>"; };
		173BA12D14EABD97008BE51F /* PublisherView.xib */ = {isa = PBXFileReference; fileEncoding = 4; lastKnownFileType = file.xib; path = PublisherView.xib; sourceTree = "<group>"; };
		173BA12E14EABD97008BE51F /* ReviewView.xib */ = {isa = PBXFileReference; fileEncoding = 4; lastKnownFileType = file.xib; path = ReviewView.xib; sourceTree = "<group>"; };
		173BA13D14EABF91008BE51F /* BookTableCell.xib */ = {isa = PBXFileReference; fileEncoding = 4; lastKnownFileType = file.xib; path = BookTableCell.xib; sourceTree = "<group>"; };
		173BA15614EAC16B008BE51F /* EditBookViewController.h */ = {isa = PBXFileReference; fileEncoding = 4; lastKnownFileType = sourcecode.c.h; path = EditBookViewController.h; sourceTree = "<group>"; };
		173BA15714EAC16B008BE51F /* EditBookViewController.m */ = {isa = PBXFileReference; fileEncoding = 4; lastKnownFileType = sourcecode.c.objc; path = EditBookViewController.m; sourceTree = "<group>"; };
		173BA15D14EAC190008BE51F /* EditBookView.xib */ = {isa = PBXFileReference; fileEncoding = 4; lastKnownFileType = file.xib; path = EditBookView.xib; sourceTree = "<group>"; };
		173F92C014EBBA7F00C6EF49 /* MainWindow.xib */ = {isa = PBXFileReference; fileEncoding = 4; lastKnownFileType = file.xib; path = MainWindow.xib; sourceTree = "<group>"; };
		173F92D014EBE06B00C6EF49 /* Additions.h */ = {isa = PBXFileReference; fileEncoding = 4; lastKnownFileType = sourcecode.c.h; path = Additions.h; sourceTree = "<group>"; };
		173F92D514EBE17100C6EF49 /* Book+Additions.h */ = {isa = PBXFileReference; fileEncoding = 4; lastKnownFileType = sourcecode.c.h; path = "Book+Additions.h"; sourceTree = "<group>"; };
		173F92D614EBE17200C6EF49 /* Book+Additions.m */ = {isa = PBXFileReference; fileEncoding = 4; lastKnownFileType = sourcecode.c.objc; path = "Book+Additions.m"; sourceTree = "<group>"; };
		173F930814EC078500C6EF49 /* JSONSetupHelpers.h */ = {isa = PBXFileReference; fileEncoding = 4; lastKnownFileType = sourcecode.c.h; path = JSONSetupHelpers.h; sourceTree = "<group>"; };
		173F930914EC078500C6EF49 /* JSONSetupHelpers.m */ = {isa = PBXFileReference; fileEncoding = 4; lastKnownFileType = sourcecode.c.objc; path = JSONSetupHelpers.m; sourceTree = "<group>"; };
		173F930B14EC095200C6EF49 /* SettingsManager.h */ = {isa = PBXFileReference; fileEncoding = 4; lastKnownFileType = sourcecode.c.h; path = SettingsManager.h; sourceTree = "<group>"; };
		173F930C14EC095200C6EF49 /* SettingsManager.m */ = {isa = PBXFileReference; fileEncoding = 4; lastKnownFileType = sourcecode.c.objc; path = SettingsManager.m; sourceTree = "<group>"; };
		173F931714EC188800C6EF49 /* Author+Additions.h */ = {isa = PBXFileReference; fileEncoding = 4; lastKnownFileType = sourcecode.c.h; path = "Author+Additions.h"; sourceTree = "<group>"; };
		173F931814EC188900C6EF49 /* Author+Additions.m */ = {isa = PBXFileReference; fileEncoding = 4; lastKnownFileType = sourcecode.c.objc; path = "Author+Additions.m"; sourceTree = "<group>"; };
		173F931A14EC22B600C6EF49 /* Publisher+Additions.h */ = {isa = PBXFileReference; fileEncoding = 4; lastKnownFileType = sourcecode.c.h; path = "Publisher+Additions.h"; sourceTree = "<group>"; };
		173F931B14EC22B700C6EF49 /* Publisher+Additions.m */ = {isa = PBXFileReference; fileEncoding = 4; lastKnownFileType = sourcecode.c.objc; path = "Publisher+Additions.m"; sourceTree = "<group>"; };
		17E9E4C114FBDE8D00010FC2 /* JSONKit.h */ = {isa = PBXFileReference; fileEncoding = 4; lastKnownFileType = sourcecode.c.h; path = JSONKit.h; sourceTree = "<group>"; };
		17E9E4C214FBDE8D00010FC2 /* JSONKit.m */ = {isa = PBXFileReference; fileEncoding = 4; lastKnownFileType = sourcecode.c.objc; path = JSONKit.m; sourceTree = "<group>"; };
		17E9E4C714FBDE9C00010FC2 /* NSAttributeDescription+MagicalDataImport.h */ = {isa = PBXFileReference; fileEncoding = 4; lastKnownFileType = sourcecode.c.h; path = "NSAttributeDescription+MagicalDataImport.h"; sourceTree = "<group>"; };
		17E9E4C814FBDE9C00010FC2 /* NSAttributeDescription+MagicalDataImport.m */ = {isa = PBXFileReference; fileEncoding = 4; lastKnownFileType = sourcecode.c.objc; path = "NSAttributeDescription+MagicalDataImport.m"; sourceTree = "<group>"; };
		17E9E4C914FBDE9C00010FC2 /* NSEntityDescription+MagicalDataImport.h */ = {isa = PBXFileReference; fileEncoding = 4; lastKnownFileType = sourcecode.c.h; path = "NSEntityDescription+MagicalDataImport.h"; sourceTree = "<group>"; };
		17E9E4CA14FBDE9C00010FC2 /* NSEntityDescription+MagicalDataImport.m */ = {isa = PBXFileReference; fileEncoding = 4; lastKnownFileType = sourcecode.c.objc; path = "NSEntityDescription+MagicalDataImport.m"; sourceTree = "<group>"; };
		17E9E4CB14FBDE9C00010FC2 /* NSNumber+MagicalDataImport.h */ = {isa = PBXFileReference; fileEncoding = 4; lastKnownFileType = sourcecode.c.h; path = "NSNumber+MagicalDataImport.h"; sourceTree = "<group>"; };
		17E9E4CC14FBDE9C00010FC2 /* NSNumber+MagicalDataImport.m */ = {isa = PBXFileReference; fileEncoding = 4; lastKnownFileType = sourcecode.c.objc; path = "NSNumber+MagicalDataImport.m"; sourceTree = "<group>"; };
		17E9E4CD14FBDE9C00010FC2 /* NSObject+MagicalDataImport.h */ = {isa = PBXFileReference; fileEncoding = 4; lastKnownFileType = sourcecode.c.h; path = "NSObject+MagicalDataImport.h"; sourceTree = "<group>"; };
		17E9E4CE14FBDE9C00010FC2 /* NSObject+MagicalDataImport.m */ = {isa = PBXFileReference; fileEncoding = 4; lastKnownFileType = sourcecode.c.objc; path = "NSObject+MagicalDataImport.m"; sourceTree = "<group>"; };
		17E9E4CF14FBDE9C00010FC2 /* NSRelationshipDescription+MagicalDataImport.h */ = {isa = PBXFileReference; fileEncoding = 4; lastKnownFileType = sourcecode.c.h; path = "NSRelationshipDescription+MagicalDataImport.h"; sourceTree = "<group>"; };
		17E9E4D014FBDE9C00010FC2 /* NSRelationshipDescription+MagicalDataImport.m */ = {isa = PBXFileReference; fileEncoding = 4; lastKnownFileType = sourcecode.c.objc; path = "NSRelationshipDescription+MagicalDataImport.m"; sourceTree = "<group>"; };
		17E9E4D114FBDE9C00010FC2 /* NSString+MagicalDataImport.h */ = {isa = PBXFileReference; fileEncoding = 4; lastKnownFileType = sourcecode.c.h; path = "NSString+MagicalDataImport.h"; sourceTree = "<group>"; };
		17E9E4D214FBDE9C00010FC2 /* NSString+MagicalDataImport.m */ = {isa = PBXFileReference; fileEncoding = 4; lastKnownFileType = sourcecode.c.objc; path = "NSString+MagicalDataImport.m"; sourceTree = "<group>"; };
		17E9E4D314FBDE9C00010FC2 /* NSManagedObject+MagicalDataImport.h */ = {isa = PBXFileReference; fileEncoding = 4; lastKnownFileType = sourcecode.c.h; path = "NSManagedObject+MagicalDataImport.h"; sourceTree = "<group>"; };
		17E9E4D414FBDE9C00010FC2 /* NSManagedObject+MagicalDataImport.m */ = {isa = PBXFileReference; fileEncoding = 4; lastKnownFileType = sourcecode.c.objc; path = "NSManagedObject+MagicalDataImport.m"; sourceTree = "<group>"; };
		17E9E4D514FBDE9C00010FC2 /* NSManagedObject+MagicalRecord.h */ = {isa = PBXFileReference; fileEncoding = 4; lastKnownFileType = sourcecode.c.h; path = "NSManagedObject+MagicalRecord.h"; sourceTree = "<group>"; };
		17E9E4D614FBDE9C00010FC2 /* NSManagedObject+MagicalRecord.m */ = {isa = PBXFileReference; fileEncoding = 4; lastKnownFileType = sourcecode.c.objc; path = "NSManagedObject+MagicalRecord.m"; sourceTree = "<group>"; };
		17E9E4D714FBDE9C00010FC2 /* NSManagedObjectContext+MagicalRecord.h */ = {isa = PBXFileReference; fileEncoding = 4; lastKnownFileType = sourcecode.c.h; path = "NSManagedObjectContext+MagicalRecord.h"; sourceTree = "<group>"; };
		17E9E4D814FBDE9C00010FC2 /* NSManagedObjectContext+MagicalRecord.m */ = {isa = PBXFileReference; fileEncoding = 4; lastKnownFileType = sourcecode.c.objc; path = "NSManagedObjectContext+MagicalRecord.m"; sourceTree = "<group>"; };
		17E9E4D914FBDE9C00010FC2 /* NSManagedObjectModel+MagicalRecord.h */ = {isa = PBXFileReference; fileEncoding = 4; lastKnownFileType = sourcecode.c.h; path = "NSManagedObjectModel+MagicalRecord.h"; sourceTree = "<group>"; };
		17E9E4DA14FBDE9C00010FC2 /* NSManagedObjectModel+MagicalRecord.m */ = {isa = PBXFileReference; fileEncoding = 4; lastKnownFileType = sourcecode.c.objc; path = "NSManagedObjectModel+MagicalRecord.m"; sourceTree = "<group>"; };
		17E9E4DB14FBDE9C00010FC2 /* NSPersistentStore+MagicalRecord.h */ = {isa = PBXFileReference; fileEncoding = 4; lastKnownFileType = sourcecode.c.h; path = "NSPersistentStore+MagicalRecord.h"; sourceTree = "<group>"; };
		17E9E4DC14FBDE9C00010FC2 /* NSPersistentStore+MagicalRecord.m */ = {isa = PBXFileReference; fileEncoding = 4; lastKnownFileType = sourcecode.c.objc; path = "NSPersistentStore+MagicalRecord.m"; sourceTree = "<group>"; };
		17E9E4DD14FBDE9C00010FC2 /* NSPersistentStoreCoordinator+MagicalRecord.h */ = {isa = PBXFileReference; fileEncoding = 4; lastKnownFileType = sourcecode.c.h; path = "NSPersistentStoreCoordinator+MagicalRecord.h"; sourceTree = "<group>"; };
		17E9E4DE14FBDE9C00010FC2 /* NSPersistentStoreCoordinator+MagicalRecord.m */ = {isa = PBXFileReference; fileEncoding = 4; lastKnownFileType = sourcecode.c.objc; path = "NSPersistentStoreCoordinator+MagicalRecord.m"; sourceTree = "<group>"; };
		17E9E4DF14FBDE9C00010FC2 /* CoreData+MagicalRecord.h */ = {isa = PBXFileReference; fileEncoding = 4; lastKnownFileType = sourcecode.c.h; path = "CoreData+MagicalRecord.h"; sourceTree = "<group>"; };
		17E9E4E014FBDE9C00010FC2 /* MagicalRecordHelpers.h */ = {isa = PBXFileReference; fileEncoding = 4; lastKnownFileType = sourcecode.c.h; path = MagicalRecordHelpers.h; sourceTree = "<group>"; };
		17E9E4E114FBDE9C00010FC2 /* MagicalRecordHelpers.m */ = {isa = PBXFileReference; fileEncoding = 4; lastKnownFileType = sourcecode.c.objc; path = MagicalRecordHelpers.m; sourceTree = "<group>"; };
		17E9E4E214FBDE9C00010FC2 /* MagicalRecordShorthand.h */ = {isa = PBXFileReference; fileEncoding = 4; lastKnownFileType = sourcecode.c.h; path = MagicalRecordShorthand.h; sourceTree = "<group>"; };
		17E9E4E314FBDE9C00010FC2 /* MRCoreDataAction.h */ = {isa = PBXFileReference; fileEncoding = 4; lastKnownFileType = sourcecode.c.h; path = MRCoreDataAction.h; sourceTree = "<group>"; };
		17E9E4E414FBDE9C00010FC2 /* MRCoreDataAction.m */ = {isa = PBXFileReference; fileEncoding = 4; lastKnownFileType = sourcecode.c.objc; path = MRCoreDataAction.m; sourceTree = "<group>"; };
/* End PBXFileReference section */

/* Begin PBXFrameworksBuildPhase section */
		170EAE8214EA82EF00267631 /* Frameworks */ = {
			isa = PBXFrameworksBuildPhase;
			buildActionMask = 2147483647;
			files = (
				170EAE8A14EA82F000267631 /* UIKit.framework in Frameworks */,
				170EAE8C14EA82F000267631 /* Foundation.framework in Frameworks */,
				170EAE8E14EA82F000267631 /* CoreGraphics.framework in Frameworks */,
				170EAE9014EA82F000267631 /* CoreData.framework in Frameworks */,
			);
			runOnlyForDeploymentPostprocessing = 0;
		};
/* End PBXFrameworksBuildPhase section */

/* Begin PBXGroup section */
		170EAE7A14EA82EE00267631 = {
			isa = PBXGroup;
			children = (
				170EAE9114EA82F000267631 /* iOSProgrammingTask */,
				170EAE8814EA82F000267631 /* Frameworks */,
				170EAE8614EA82F000267631 /* Products */,
			);
			sourceTree = "<group>";
		};
		170EAE8614EA82F000267631 /* Products */ = {
			isa = PBXGroup;
			children = (
				170EAE8514EA82F000267631 /* iOSProgrammingTask.app */,
			);
			name = Products;
			sourceTree = "<group>";
		};
		170EAE8814EA82F000267631 /* Frameworks */ = {
			isa = PBXGroup;
			children = (
				17E9E4C414FBDE9C00010FC2 /* MagicalRecord */,
				17E9E4C014FBDE8D00010FC2 /* JSONKit */,
				170EAE8914EA82F000267631 /* UIKit.framework */,
				170EAE8B14EA82F000267631 /* Foundation.framework */,
				170EAE8D14EA82F000267631 /* CoreGraphics.framework */,
				170EAE8F14EA82F000267631 /* CoreData.framework */,
			);
			name = Frameworks;
			sourceTree = "<group>";
		};
		170EAE9114EA82F000267631 /* iOSProgrammingTask */ = {
			isa = PBXGroup;
			children = (
				173BA0FC14EABBAA008BE51F /* Classes */,
				172B417F14F7D5A800EB8024 /* Protocols */,
				170EAE9A14EA82F000267631 /* AppDelegate.h */,
				170EAE9B14EA82F000267631 /* AppDelegate.m */,
				173F92C014EBBA7F00C6EF49 /* MainWindow.xib */,
				173BA10B14EABC06008BE51F /* Resources */,
				170EAE9214EA82F000267631 /* Supporting Files */,
			);
			path = iOSProgrammingTask;
			sourceTree = "<group>";
		};
		170EAE9214EA82F000267631 /* Supporting Files */ = {
			isa = PBXGroup;
			children = (
				170EAE9314EA82F000267631 /* iOSProgrammingTask-Info.plist */,
				170EAE9414EA82F000267631 /* InfoPlist.strings */,
				170EAE9714EA82F000267631 /* main.m */,
				170EAE9914EA82F000267631 /* iOSProgrammingTask-Prefix.pch */,
			);
			name = "Supporting Files";
			sourceTree = "<group>";
		};
		172B417F14F7D5A800EB8024 /* Protocols */ = {
			isa = PBXGroup;
			children = (
				172B418014F7D5B100EB8024 /* BookDeleteDelegate.h */,
			);
			name = Protocols;
			path = Classes/Protocols;
			sourceTree = "<group>";
		};
		173BA0FC14EABBAA008BE51F /* Classes */ = {
			isa = PBXGroup;
			children = (
				173BA0FD14EABBAA008BE51F /* Controllers */,
				173F930714EC076D00C6EF49 /* Helpers */,
				173BA0FE14EABBAA008BE51F /* Model */,
			);
			path = Classes;
			sourceTree = "<group>";
		};
		173BA0FD14EABBAA008BE51F /* Controllers */ = {
			isa = PBXGroup;
			children = (
				173BA11C14EABD36008BE51F /* AuthorViewController.h */,
				173BA11D14EABD36008BE51F /* AuthorViewController.m */,
				1722B24114EE6C17003732B8 /* BookTableCell.h */,
				1722B24214EE6C17003732B8 /* BookTableCell.m */,
				173BA11714EABD0B008BE51F /* BookViewController.h */,
				173BA11814EABD0B008BE51F /* BookViewController.m */,
				173BA15614EAC16B008BE51F /* EditBookViewController.h */,
				173BA15714EAC16B008BE51F /* EditBookViewController.m */,
				172B417614F7AD1300EB8024 /* IndividualBookViewController.h */,
				172B417714F7AD1400EB8024 /* IndividualBookViewController.m */,
				173BA12114EABD5A008BE51F /* PublisherViewController.h */,
				173BA12214EABD5A008BE51F /* PublisherViewController.m */,
				173BA12614EABD7C008BE51F /* ReviewViewController.h */,
				173BA12714EABD7C008BE51F /* ReviewViewController.m */,
			);
			path = Controllers;
			sourceTree = "<group>";
		};
		173BA0FE14EABBAA008BE51F /* Model */ = {
			isa = PBXGroup;
			children = (
				173F92CF14EBE06200C6EF49 /* Additions */,
				172B416014F798BA00EB8024 /* Author.h */,
				172B416114F798BA00EB8024 /* Author.m */,
				172B416414F798BB00EB8024 /* Publisher.h */,
				172B416514F798BB00EB8024 /* Publisher.m */,
				172B416714F798BB00EB8024 /* Book.h */,
				172B416814F798BB00EB8024 /* Book.m */,
				172B416A14F798BB00EB8024 /* Review.h */,
				172B416B14F798BB00EB8024 /* Review.m */,
			);
			path = Model;
			sourceTree = "<group>";
		};
		173BA10B14EABC06008BE51F /* Resources */ = {
			isa = PBXGroup;
			children = (
				173BA11214EABC06008BE51F /* Views */,
				173BA10E14EABC06008BE51F /* JSON */,
				173BA10C14EABC06008BE51F /* iOSProgrammingTask.xcdatamodeld */,
			);
			path = Resources;
			sourceTree = "<group>";
		};
		173BA10E14EABC06008BE51F /* JSON */ = {
			isa = PBXGroup;
			children = (
				173BA10F14EABC06008BE51F /* Author.json */,
				173BA11014EABC06008BE51F /* Books.json */,
				173BA11114EABC06008BE51F /* Publishers.json */,
			);
			path = JSON;
			sourceTree = "<group>";
		};
		173BA11214EABC06008BE51F /* Views */ = {
			isa = PBXGroup;
			children = (
				173BA12B14EABD97008BE51F /* AuthorView.xib */,
				173BA13D14EABF91008BE51F /* BookTableCell.xib */,
				173BA12C14EABD97008BE51F /* BookView.xib */,
				173BA15D14EAC190008BE51F /* EditBookView.xib */,
				172B417B14F7AD4500EB8024 /* IndividualBookView.xib */,
				173BA12D14EABD97008BE51F /* PublisherView.xib */,
				173BA12E14EABD97008BE51F /* ReviewView.xib */,
			);
			path = Views;
			sourceTree = "<group>";
		};
		173F92CF14EBE06200C6EF49 /* Additions */ = {
			isa = PBXGroup;
			children = (
				173F92D014EBE06B00C6EF49 /* Additions.h */,
				173F92D514EBE17100C6EF49 /* Book+Additions.h */,
				173F92D614EBE17200C6EF49 /* Book+Additions.m */,
				173F931714EC188800C6EF49 /* Author+Additions.h */,
				173F931814EC188900C6EF49 /* Author+Additions.m */,
				173F931A14EC22B600C6EF49 /* Publisher+Additions.h */,
				173F931B14EC22B700C6EF49 /* Publisher+Additions.m */,
			);
			path = Additions;
			sourceTree = "<group>";
		};
		173F930714EC076D00C6EF49 /* Helpers */ = {
			isa = PBXGroup;
			children = (
				173F930814EC078500C6EF49 /* JSONSetupHelpers.h */,
				173F930914EC078500C6EF49 /* JSONSetupHelpers.m */,
				173F930B14EC095200C6EF49 /* SettingsManager.h */,
				173F930C14EC095200C6EF49 /* SettingsManager.m */,
			);
			name = Helpers;
			path = iOSProgrammingTask/Classes/Helpers;
			sourceTree = SOURCE_ROOT;
		};
		17E9E4C014FBDE8D00010FC2 /* JSONKit */ = {
			isa = PBXGroup;
			children = (
				17E9E4C114FBDE8D00010FC2 /* JSONKit.h */,
				17E9E4C214FBDE8D00010FC2 /* JSONKit.m */,
			);
			name = JSONKit;
			path = iOSProgrammingTask/Resources/Frameworks/JSONKit;
			sourceTree = "<group>";
		};
		17E9E4C414FBDE9C00010FC2 /* MagicalRecord */ = {
			isa = PBXGroup;
			children = (
				17E9E4C514FBDE9C00010FC2 /* Categories */,
				17E9E4DF14FBDE9C00010FC2 /* CoreData+MagicalRecord.h */,
				17E9E4E014FBDE9C00010FC2 /* MagicalRecordHelpers.h */,
				17E9E4E114FBDE9C00010FC2 /* MagicalRecordHelpers.m */,
				17E9E4E214FBDE9C00010FC2 /* MagicalRecordShorthand.h */,
				17E9E4E314FBDE9C00010FC2 /* MRCoreDataAction.h */,
				17E9E4E414FBDE9C00010FC2 /* MRCoreDataAction.m */,
			);
			name = MagicalRecord;
			path = iOSProgrammingTask/Resources/Frameworks/MagicalRecord;
			sourceTree = "<group>";
		};
		17E9E4C514FBDE9C00010FC2 /* Categories */ = {
			isa = PBXGroup;
			children = (
				17E9E4C614FBDE9C00010FC2 /* DataImport */,
				17E9E4D314FBDE9C00010FC2 /* NSManagedObject+MagicalDataImport.h */,
				17E9E4D414FBDE9C00010FC2 /* NSManagedObject+MagicalDataImport.m */,
				17E9E4D514FBDE9C00010FC2 /* NSManagedObject+MagicalRecord.h */,
				17E9E4D614FBDE9C00010FC2 /* NSManagedObject+MagicalRecord.m */,
				17E9E4D714FBDE9C00010FC2 /* NSManagedObjectContext+MagicalRecord.h */,
				17E9E4D814FBDE9C00010FC2 /* NSManagedObjectContext+MagicalRecord.m */,
				17E9E4D914FBDE9C00010FC2 /* NSManagedObjectModel+MagicalRecord.h */,
				17E9E4DA14FBDE9C00010FC2 /* NSManagedObjectModel+MagicalRecord.m */,
				17E9E4DB14FBDE9C00010FC2 /* NSPersistentStore+MagicalRecord.h */,
				17E9E4DC14FBDE9C00010FC2 /* NSPersistentStore+MagicalRecord.m */,
				17E9E4DD14FBDE9C00010FC2 /* NSPersistentStoreCoordinator+MagicalRecord.h */,
				17E9E4DE14FBDE9C00010FC2 /* NSPersistentStoreCoordinator+MagicalRecord.m */,
			);
			path = Categories;
			sourceTree = "<group>";
		};
		17E9E4C614FBDE9C00010FC2 /* DataImport */ = {
			isa = PBXGroup;
			children = (
				17E9E4C714FBDE9C00010FC2 /* NSAttributeDescription+MagicalDataImport.h */,
				17E9E4C814FBDE9C00010FC2 /* NSAttributeDescription+MagicalDataImport.m */,
				17E9E4C914FBDE9C00010FC2 /* NSEntityDescription+MagicalDataImport.h */,
				17E9E4CA14FBDE9C00010FC2 /* NSEntityDescription+MagicalDataImport.m */,
				17E9E4CB14FBDE9C00010FC2 /* NSNumber+MagicalDataImport.h */,
				17E9E4CC14FBDE9C00010FC2 /* NSNumber+MagicalDataImport.m */,
				17E9E4CD14FBDE9C00010FC2 /* NSObject+MagicalDataImport.h */,
				17E9E4CE14FBDE9C00010FC2 /* NSObject+MagicalDataImport.m */,
				17E9E4CF14FBDE9C00010FC2 /* NSRelationshipDescription+MagicalDataImport.h */,
				17E9E4D014FBDE9C00010FC2 /* NSRelationshipDescription+MagicalDataImport.m */,
				17E9E4D114FBDE9C00010FC2 /* NSString+MagicalDataImport.h */,
				17E9E4D214FBDE9C00010FC2 /* NSString+MagicalDataImport.m */,
			);
			path = DataImport;
			sourceTree = "<group>";
		};
/* End PBXGroup section */

/* Begin PBXNativeTarget section */
		170EAE8414EA82EF00267631 /* iOSProgrammingTask */ = {
			isa = PBXNativeTarget;
			buildConfigurationList = 170EAEA214EA82F000267631 /* Build configuration list for PBXNativeTarget "iOSProgrammingTask" */;
			buildPhases = (
				170EAE8114EA82EF00267631 /* Sources */,
				170EAE8214EA82EF00267631 /* Frameworks */,
				170EAE8314EA82EF00267631 /* Resources */,
			);
			buildRules = (
			);
			dependencies = (
			);
			name = iOSProgrammingTask;
			productName = iOSProgrammingTask;
			productReference = 170EAE8514EA82F000267631 /* iOSProgrammingTask.app */;
			productType = "com.apple.product-type.application";
		};
/* End PBXNativeTarget section */

/* Begin PBXProject section */
		170EAE7C14EA82EE00267631 /* Project object */ = {
			isa = PBXProject;
			attributes = {
				LastUpgradeCheck = 0430;
			};
			buildConfigurationList = 170EAE7F14EA82EE00267631 /* Build configuration list for PBXProject "iOSProgrammingTask" */;
			compatibilityVersion = "Xcode 3.2";
			developmentRegion = English;
			hasScannedForEncodings = 0;
			knownRegions = (
				en,
			);
			mainGroup = 170EAE7A14EA82EE00267631;
			productRefGroup = 170EAE8614EA82F000267631 /* Products */;
			projectDirPath = "";
			projectRoot = "";
			targets = (
				170EAE8414EA82EF00267631 /* iOSProgrammingTask */,
			);
		};
/* End PBXProject section */

/* Begin PBXResourcesBuildPhase section */
		170EAE8314EA82EF00267631 /* Resources */ = {
			isa = PBXResourcesBuildPhase;
			buildActionMask = 2147483647;
			files = (
				170EAE9614EA82F000267631 /* InfoPlist.strings in Resources */,
				173BA11414EABC06008BE51F /* Author.json in Resources */,
				173BA11514EABC06008BE51F /* Books.json in Resources */,
				173BA11614EABC06008BE51F /* Publishers.json in Resources */,
				173BA12F14EABD97008BE51F /* AuthorView.xib in Resources */,
				173BA13014EABD97008BE51F /* BookView.xib in Resources */,
				173BA13114EABD97008BE51F /* PublisherView.xib in Resources */,
				173BA13214EABD97008BE51F /* ReviewView.xib in Resources */,
				173BA13E14EABF91008BE51F /* BookTableCell.xib in Resources */,
				173BA15E14EAC190008BE51F /* EditBookView.xib in Resources */,
				173F92C114EBBA7F00C6EF49 /* MainWindow.xib in Resources */,
				172B417C14F7AD4500EB8024 /* IndividualBookView.xib in Resources */,
			);
			runOnlyForDeploymentPostprocessing = 0;
		};
/* End PBXResourcesBuildPhase section */

/* Begin PBXSourcesBuildPhase section */
		170EAE8114EA82EF00267631 /* Sources */ = {
			isa = PBXSourcesBuildPhase;
			buildActionMask = 2147483647;
			files = (
				170EAE9814EA82F000267631 /* main.m in Sources */,
				170EAE9C14EA82F000267631 /* AppDelegate.m in Sources */,
				173BA11314EABC06008BE51F /* iOSProgrammingTask.xcdatamodeld in Sources */,
				173BA11A14EABD0B008BE51F /* BookViewController.m in Sources */,
				173BA11F14EABD36008BE51F /* AuthorViewController.m in Sources */,
				173BA12414EABD5A008BE51F /* PublisherViewController.m in Sources */,
				173BA12914EABD7C008BE51F /* ReviewViewController.m in Sources */,
				173BA15914EAC16B008BE51F /* EditBookViewController.m in Sources */,
				173F92D714EBE17200C6EF49 /* Book+Additions.m in Sources */,
				173F930A14EC078500C6EF49 /* JSONSetupHelpers.m in Sources */,
				173F930D14EC095200C6EF49 /* SettingsManager.m in Sources */,
				173F931914EC188900C6EF49 /* Author+Additions.m in Sources */,
				173F931C14EC22B800C6EF49 /* Publisher+Additions.m in Sources */,
				1722B24314EE6C18003732B8 /* BookTableCell.m in Sources */,
				172B416214F798BA00EB8024 /* Author.m in Sources */,
				172B416614F798BB00EB8024 /* Publisher.m in Sources */,
				172B416914F798BB00EB8024 /* Book.m in Sources */,
				172B416C14F798BB00EB8024 /* Review.m in Sources */,
				172B417914F7AD1400EB8024 /* IndividualBookViewController.m in Sources */,
				17E9E4C314FBDE8D00010FC2 /* JSONKit.m in Sources */,
				17E9E4E514FBDE9C00010FC2 /* NSAttributeDescription+MagicalDataImport.m in Sources */,
				17E9E4E614FBDE9C00010FC2 /* NSEntityDescription+MagicalDataImport.m in Sources */,
				17E9E4E714FBDE9C00010FC2 /* NSNumber+MagicalDataImport.m in Sources */,
				17E9E4E814FBDE9C00010FC2 /* NSObject+MagicalDataImport.m in Sources */,
				17E9E4E914FBDE9C00010FC2 /* NSRelationshipDescription+MagicalDataImport.m in Sources */,
				17E9E4EA14FBDE9C00010FC2 /* NSString+MagicalDataImport.m in Sources */,
				17E9E4EB14FBDE9C00010FC2 /* NSManagedObject+MagicalDataImport.m in Sources */,
				17E9E4EC14FBDE9C00010FC2 /* NSManagedObject+MagicalRecord.m in Sources */,
				17E9E4ED14FBDE9C00010FC2 /* NSManagedObjectContext+MagicalRecord.m in Sources */,
				17E9E4EE14FBDE9C00010FC2 /* NSManagedObjectModel+MagicalRecord.m in Sources */,
				17E9E4EF14FBDE9C00010FC2 /* NSPersistentStore+MagicalRecord.m in Sources */,
				17E9E4F014FBDE9C00010FC2 /* NSPersistentStoreCoordinator+MagicalRecord.m in Sources */,
				17E9E4F114FBDE9C00010FC2 /* MagicalRecordHelpers.m in Sources */,
				17E9E4F214FBDE9C00010FC2 /* MRCoreDataAction.m in Sources */,
			);
			runOnlyForDeploymentPostprocessing = 0;
		};
/* End PBXSourcesBuildPhase section */

/* Begin PBXVariantGroup section */
		170EAE9414EA82F000267631 /* InfoPlist.strings */ = {
			isa = PBXVariantGroup;
			children = (
				170EAE9514EA82F000267631 /* en */,
			);
			name = InfoPlist.strings;
			sourceTree = "<group>";
		};
/* End PBXVariantGroup section */

/* Begin XCBuildConfiguration section */
		170EAEA014EA82F000267631 /* Debug */ = {
			isa = XCBuildConfiguration;
			buildSettings = {
				ALWAYS_SEARCH_USER_PATHS = NO;
				ARCHS = "$(ARCHS_STANDARD_32_BIT)";
				"CODE_SIGN_IDENTITY[sdk=iphoneos*]" = "iPhone Developer";
				COPY_PHASE_STRIP = NO;
				GCC_C_LANGUAGE_STANDARD = gnu99;
				GCC_DYNAMIC_NO_PIC = NO;
				GCC_OPTIMIZATION_LEVEL = 0;
				GCC_PREPROCESSOR_DEFINITIONS = (
					"DEBUG=1",
					"$(inherited)",
				);
				GCC_SYMBOLS_PRIVATE_EXTERN = NO;
				GCC_VERSION = com.apple.compilers.llvm.clang.1_0;
				GCC_WARN_ABOUT_MISSING_PROTOTYPES = YES;
				GCC_WARN_ABOUT_RETURN_TYPE = YES;
				GCC_WARN_UNUSED_VARIABLE = YES;
				IPHONEOS_DEPLOYMENT_TARGET = 5.0;
				SDKROOT = iphoneos;
			};
			name = Debug;
		};
		170EAEA114EA82F000267631 /* Release */ = {
			isa = XCBuildConfiguration;
			buildSettings = {
				ALWAYS_SEARCH_USER_PATHS = NO;
				ARCHS = "$(ARCHS_STANDARD_32_BIT)";
				"CODE_SIGN_IDENTITY[sdk=iphoneos*]" = "iPhone Developer";
				COPY_PHASE_STRIP = YES;
				GCC_C_LANGUAGE_STANDARD = gnu99;
				GCC_VERSION = com.apple.compilers.llvm.clang.1_0;
				GCC_WARN_ABOUT_MISSING_PROTOTYPES = YES;
				GCC_WARN_ABOUT_RETURN_TYPE = YES;
				GCC_WARN_UNUSED_VARIABLE = YES;
				IPHONEOS_DEPLOYMENT_TARGET = 5.0;
				OTHER_CFLAGS = "-DNS_BLOCK_ASSERTIONS=1";
				SDKROOT = iphoneos;
				VALIDATE_PRODUCT = YES;
			};
			name = Release;
		};
		170EAEA314EA82F000267631 /* Debug */ = {
			isa = XCBuildConfiguration;
			buildSettings = {
				GCC_PRECOMPILE_PREFIX_HEADER = YES;
				GCC_PREFIX_HEADER = "iOSProgrammingTask/iOSProgrammingTask-Prefix.pch";
				INFOPLIST_FILE = "iOSProgrammingTask/iOSProgrammingTask-Info.plist";
				IPHONEOS_DEPLOYMENT_TARGET = 4.3;
				PRODUCT_NAME = "$(TARGET_NAME)";
				WRAPPER_EXTENSION = app;
			};
			name = Debug;
		};
		170EAEA414EA82F000267631 /* Release */ = {
			isa = XCBuildConfiguration;
			buildSettings = {
				GCC_PRECOMPILE_PREFIX_HEADER = YES;
				GCC_PREFIX_HEADER = "iOSProgrammingTask/iOSProgrammingTask-Prefix.pch";
				INFOPLIST_FILE = "iOSProgrammingTask/iOSProgrammingTask-Info.plist";
				IPHONEOS_DEPLOYMENT_TARGET = 4.3;
				PRODUCT_NAME = "$(TARGET_NAME)";
				WRAPPER_EXTENSION = app;
			};
			name = Release;
		};
/* End XCBuildConfiguration section */

/* Begin XCConfigurationList section */
		170EAE7F14EA82EE00267631 /* Build configuration list for PBXProject "iOSProgrammingTask" */ = {
			isa = XCConfigurationList;
			buildConfigurations = (
				170EAEA014EA82F000267631 /* Debug */,
				170EAEA114EA82F000267631 /* Release */,
			);
			defaultConfigurationIsVisible = 0;
			defaultConfigurationName = Release;
		};
		170EAEA214EA82F000267631 /* Build configuration list for PBXNativeTarget "iOSProgrammingTask" */ = {
			isa = XCConfigurationList;
			buildConfigurations = (
				170EAEA314EA82F000267631 /* Debug */,
				170EAEA414EA82F000267631 /* Release */,
			);
			defaultConfigurationIsVisible = 0;
			defaultConfigurationName = Release;
		};
/* End XCConfigurationList section */

/* Begin XCVersionGroup section */
		173BA10C14EABC06008BE51F /* iOSProgrammingTask.xcdatamodeld */ = {
			isa = XCVersionGroup;
			children = (
				173BA10D14EABC06008BE51F /* iOSProgrammingTask.xcdatamodel */,
			);
			currentVersion = 173BA10D14EABC06008BE51F /* iOSProgrammingTask.xcdatamodel */;
			path = iOSProgrammingTask.xcdatamodeld;
			sourceTree = "<group>";
			versionGroupType = wrapper.xcdatamodel;
		};
/* End XCVersionGroup section */
	};
	rootObject = 170EAE7C14EA82EE00267631 /* Project object */;
}
